// !$*UTF8*$!
{
	archiveVersion = 1;
	classes = {
	};
	objectVersion = 46;
	objects = {

/* Begin PBXBuildFile section */
		C0D966691E3FDC3B0073502D /* AppDelegate.swift in Sources */ = {isa = PBXBuildFile; fileRef = C0D966681E3FDC3B0073502D /* AppDelegate.swift */; };
		C0D9666B1E3FDC3B0073502D /* ViewController.swift in Sources */ = {isa = PBXBuildFile; fileRef = C0D9666A1E3FDC3B0073502D /* ViewController.swift */; };
		C0D9666E1E3FDC3B0073502D /* Main.storyboard in Resources */ = {isa = PBXBuildFile; fileRef = C0D9666C1E3FDC3B0073502D /* Main.storyboard */; };
		C0D966701E3FDC3B0073502D /* Assets.xcassets in Resources */ = {isa = PBXBuildFile; fileRef = C0D9666F1E3FDC3B0073502D /* Assets.xcassets */; };
		C0D966731E3FDC3B0073502D /* LaunchScreen.storyboard in Resources */ = {isa = PBXBuildFile; fileRef = C0D966711E3FDC3B0073502D /* LaunchScreen.storyboard */; };
		C0ECBB4D1E4128E700471A45 /* Minecraft.ttf in Resources */ = {isa = PBXBuildFile; fileRef = C0ECBB4C1E4128E700471A45 /* Minecraft.ttf */; };
		C0ECBB4F1E412C6A00471A45 /* btn.wav in Resources */ = {isa = PBXBuildFile; fileRef = C0ECBB4E1E412C6A00471A45 /* btn.wav */; };
/* End PBXBuildFile section */

/* Begin PBXFileReference section */
		C0D966651E3FDC3B0073502D /* RetroCalc.app */ = {isa = PBXFileReference; explicitFileType = wrapper.application; includeInIndex = 0; path = RetroCalc.app; sourceTree = BUILT_PRODUCTS_DIR; };
		C0D966681E3FDC3B0073502D /* AppDelegate.swift */ = {isa = PBXFileReference; lastKnownFileType = sourcecode.swift; path = AppDelegate.swift; sourceTree = "<group>"; };
		C0D9666A1E3FDC3B0073502D /* ViewController.swift */ = {isa = PBXFileReference; lastKnownFileType = sourcecode.swift; path = ViewController.swift; sourceTree = "<group>"; };
		C0D9666D1E3FDC3B0073502D /* Base */ = {isa = PBXFileReference; lastKnownFileType = file.storyboard; name = Base; path = Base.lproj/Main.storyboard; sourceTree = "<group>"; };
		C0D9666F1E3FDC3B0073502D /* Assets.xcassets */ = {isa = PBXFileReference; lastKnownFileType = folder.assetcatalog; path = Assets.xcassets; sourceTree = "<group>"; };
		C0D966721E3FDC3B0073502D /* Base */ = {isa = PBXFileReference; lastKnownFileType = file.storyboard; name = Base; path = Base.lproj/LaunchScreen.storyboard; sourceTree = "<group>"; };
		C0D966741E3FDC3B0073502D /* Info.plist */ = {isa = PBXFileReference; lastKnownFileType = text.plist.xml; path = Info.plist; sourceTree = "<group>"; };
		C0ECBB4C1E4128E700471A45 /* Minecraft.ttf */ = {isa = PBXFileReference; lastKnownFileType = file; path = Minecraft.ttf; sourceTree = "<group>"; };
		C0ECBB4E1E412C6A00471A45 /* btn.wav */ = {isa = PBXFileReference; lastKnownFileType = audio.wav; path = btn.wav; sourceTree = "<group>"; };
/* End PBXFileReference section */

/* Begin PBXFrameworksBuildPhase section */
		C0D966621E3FDC3A0073502D /* Frameworks */ = {
			isa = PBXFrameworksBuildPhase;
			buildActionMask = 2147483647;
			files = (
			);
			runOnlyForDeploymentPostprocessing = 0;
		};
/* End PBXFrameworksBuildPhase section */

/* Begin PBXGroup section */
		C0D9665C1E3FDC3A0073502D = {
			isa = PBXGroup;
			children = (
				C0D966671E3FDC3B0073502D /* RetroCalc */,
				C0D966661E3FDC3B0073502D /* Products */,
			);
			sourceTree = "<group>";
		};
		C0D966661E3FDC3B0073502D /* Products */ = {
			isa = PBXGroup;
			children = (
				C0D966651E3FDC3B0073502D /* RetroCalc.app */,
			);
			name = Products;
			sourceTree = "<group>";
		};
		C0D966671E3FDC3B0073502D /* RetroCalc */ = {
			isa = PBXGroup;
			children = (
				C0D966681E3FDC3B0073502D /* AppDelegate.swift */,
				C0ECBB4C1E4128E700471A45 /* Minecraft.ttf */,
				C0ECBB4E1E412C6A00471A45 /* btn.wav */,
				C0D9666A1E3FDC3B0073502D /* ViewController.swift */,
				C0D9666C1E3FDC3B0073502D /* Main.storyboard */,
				C0D9666F1E3FDC3B0073502D /* Assets.xcassets */,
				C0D966711E3FDC3B0073502D /* LaunchScreen.storyboard */,
				C0D966741E3FDC3B0073502D /* Info.plist */,
			);
			path = RetroCalc;
			sourceTree = "<group>";
		};
/* End PBXGroup section */

/* Begin PBXNativeTarget section */
		C0D966641E3FDC3A0073502D /* RetroCalc */ = {
			isa = PBXNativeTarget;
			buildConfigurationList = C0D966771E3FDC3B0073502D /* Build configuration list for PBXNativeTarget "RetroCalc" */;
			buildPhases = (
				C0D966611E3FDC3A0073502D /* Sources */,
				C0D966621E3FDC3A0073502D /* Frameworks */,
				C0D966631E3FDC3A0073502D /* Resources */,
			);
			buildRules = (
			);
			dependencies = (
			);
			name = RetroCalc;
			productName = RetroCalc;
			productReference = C0D966651E3FDC3B0073502D /* RetroCalc.app */;
			productType = "com.apple.product-type.application";
		};
/* End PBXNativeTarget section */

/* Begin PBXProject section */
		C0D9665D1E3FDC3A0073502D /* Project object */ = {
			isa = PBXProject;
			attributes = {
				LastSwiftUpdateCheck = 0820;
				LastUpgradeCheck = 0820;
				ORGANIZATIONNAME = "Igor Lantushenko";
				TargetAttributes = {
					C0D966641E3FDC3A0073502D = {
						CreatedOnToolsVersion = 8.2.1;
						ProvisioningStyle = Automatic;
					};
				};
			};
			buildConfigurationList = C0D966601E3FDC3A0073502D /* Build configuration list for PBXProject "RetroCalc" */;
			compatibilityVersion = "Xcode 3.2";
			developmentRegion = English;
			hasScannedForEncodings = 0;
			knownRegions = (
				en,
				Base,
			);
			mainGroup = C0D9665C1E3FDC3A0073502D;
			productRefGroup = C0D966661E3FDC3B0073502D /* Products */;
			projectDirPath = "";
			projectRoot = "";
			targets = (
				C0D966641E3FDC3A0073502D /* RetroCalc */,
			);
		};
/* End PBXProject section */

/* Begin PBXResourcesBuildPhase section */
		C0D966631E3FDC3A0073502D /* Resources */ = {
			isa = PBXResourcesBuildPhase;
			buildActionMask = 2147483647;
			files = (
				C0ECBB4F1E412C6A00471A45 /* btn.wav in Resources */,
				C0D966731E3FDC3B0073502D /* LaunchScreen.storyboard in Resources */,
				C0D966701E3FDC3B0073502D /* Assets.xcassets in Resources */,
				C0ECBB4D1E4128E700471A45 /* Minecraft.ttf in Resources */,
				C0D9666E1E3FDC3B0073502D /* Main.storyboard in Resources */,
			);
			runOnlyForDeploymentPostprocessing = 0;
		};
/* End PBXResourcesBuildPhase section */

/* Begin PBXSourcesBuildPhase section */
		C0D966611E3FDC3A0073502D /* Sources */ = {
			isa = PBXSourcesBuildPhase;
			buildActionMask = 2147483647;
			files = (
				C0D9666B1E3FDC3B0073502D /* ViewController.swift in Sources */,
				C0D966691E3FDC3B0073502D /* AppDelegate.swift in Sources */,
			);
			runOnlyForDeploymentPostprocessing = 0;
		};
/* End PBXSourcesBuildPhase section */

/* Begin PBXVariantGroup section */
		C0D9666C1E3FDC3B0073502D /* Main.storyboard */ = {
			isa = PBXVariantGroup;
			children = (
				C0D9666D1E3FDC3B0073502D /* Base */,
			);
			name = Main.storyboard;
			sourceTree = "<group>";
		};
		C0D966711E3FDC3B0073502D /* LaunchScreen.storyboard */ = {
			isa = PBXVariantGroup;
			children = (
				C0D966721E3FDC3B0073502D /* Base */,
			);
			name = LaunchScreen.storyboard;
			sourceTree = "<group>";
		};
/* End PBXVariantGroup section */

/* Begin XCBuildConfiguration section */
		C0D966751E3FDC3B0073502D /* Debug */ = {
			isa = XCBuildConfiguration;
			buildSettings = {
				ALWAYS_SEARCH_USER_PATHS = NO;
				CLANG_ANALYZER_NONNULL = YES;
				CLANG_CXX_LANGUAGE_STANDARD = "gnu++0x";
				CLANG_CXX_LIBRARY = "libc++";
				CLANG_ENABLE_MODULES = YES;
				CLANG_ENABLE_OBJC_ARC = YES;
				CLANG_WARN_BOOL_CONVERSION = YES;
				CLANG_WARN_CONSTANT_CONVERSION = YES;
				CLANG_WARN_DIRECT_OBJC_ISA_USAGE = YES_ERROR;
				CLANG_WARN_DOCUMENTATION_COMMENTS = YES;
				CLANG_WARN_EMPTY_BODY = YES;
				CLANG_WARN_ENUM_CONVERSION = YES;
				CLANG_WARN_INFINITE_RECURSION = YES;
				CLANG_WARN_INT_CONVERSION = YES;
				CLANG_WARN_OBJC_ROOT_CLASS = YES_ERROR;
				CLANG_WARN_SUSPICIOUS_MOVE = YES;
				CLANG_WARN_UNREACHABLE_CODE = YES;
				CLANG_WARN__DUPLICATE_METHOD_MATCH = YES;
				"CODE_SIGN_IDENTITY[sdk=iphoneos*]" = "iPhone Developer";
				COPY_PHASE_STRIP = NO;
				DEBUG_INFORMATION_FORMAT = dwarf;
				ENABLE_STRICT_OBJC_MSGSEND = YES;
				ENABLE_TESTABILITY = YES;
				GCC_C_LANGUAGE_STANDARD = gnu99;
				GCC_DYNAMIC_NO_PIC = NO;
				GCC_NO_COMMON_BLOCKS = YES;
				GCC_OPTIMIZATION_LEVEL = 0;
				GCC_PREPROCESSOR_DEFINITIONS = (
					"DEBUG=1",
					"$(inherited)",
				);
				GCC_WARN_64_TO_32_BIT_CONVERSION = YES;
				GCC_WARN_ABOUT_RETURN_TYPE = YES_ERROR;
				GCC_WARN_UNDECLARED_SELECTOR = YES;
				GCC_WARN_UNINITIALIZED_AUTOS = YES_AGGRESSIVE;
				GCC_WARN_UNUSED_FUNCTION = YES;
				GCC_WARN_UNUSED_VARIABLE = YES;
				IPHONEOS_DEPLOYMENT_TARGET = 10.2;
				MTL_ENABLE_DEBUG_INFO = YES;
				ONLY_ACTIVE_ARCH = YES;
				SDKROOT = iphoneos;
				SWIFT_ACTIVE_COMPILATION_CONDITIONS = DEBUG;
				SWIFT_OPTIMIZATION_LEVEL = "-Onone";
			};
			name = Debug;
		};
		C0D966761E3FDC3B0073502D /* Release */ = {
			isa = XCBuildConfiguration;
			buildSettings = {
				ALWAYS_SEARCH_USER_PATHS = NO;
				CLANG_ANALYZER_NONNULL = YES;
				CLANG_CXX_LANGUAGE_STANDARD = "gnu++0x";
				CLANG_CXX_LIBRARY = "libc++";
				CLANG_ENABLE_MODULES = YES;
				CLANG_ENABLE_OBJC_ARC = YES;
				CLANG_WARN_BOOL_CONVERSION = YES;
				CLANG_WARN_CONSTANT_CONVERSION = YES;
				CLANG_WARN_DIRECT_OBJC_ISA_USAGE = YES_ERROR;
				CLANG_WARN_DOCUMENTATION_COMMENTS = YES;
				CLANG_WARN_EMPTY_BODY = YES;
				CLANG_WARN_ENUM_CONVERSION = YES;
				CLANG_WARN_INFINITE_RECURSION = YES;
				CLANG_WARN_INT_CONVERSION = YES;
				CLANG_WARN_OBJC_ROOT_CLASS = YES_ERROR;
				CLANG_WARN_SUSPICIOUS_MOVE = YES;
				CLANG_WARN_UNREACHABLE_CODE = YES;
				CLANG_WARN__DUPLICATE_METHOD_MATCH = YES;
				"CODE_SIGN_IDENTITY[sdk=iphoneos*]" = "iPhone Developer";
				COPY_PHASE_STRIP = NO;
				DEBUG_INFORMATION_FORMAT = "dwarf-with-dsym";
				ENABLE_NS_ASSERTIONS = NO;
				ENABLE_STRICT_OBJC_MSGSEND = YES;
				GCC_C_LANGUAGE_STANDARD = gnu99;
				GCC_NO_COMMON_BLOCKS = YES;
				GCC_WARN_64_TO_32_BIT_CONVERSION = YES;
				GCC_WARN_ABOUT_RETURN_TYPE = YES_ERROR;
				GCC_WARN_UNDECLARED_SELECTOR = YES;
				GCC_WARN_UNINITIALIZED_AUTOS = YES_AGGRESSIVE;
				GCC_WARN_UNUSED_FUNCTION = YES;
				GCC_WARN_UNUSED_VARIABLE = YES;
				IPHONEOS_DEPLOYMENT_TARGET = 10.2;
				MTL_ENABLE_DEBUG_INFO = NO;
				SDKROOT = iphoneos;
				SWIFT_OPTIMIZATION_LEVEL = "-Owholemodule";
				VALIDATE_PRODUCT = YES;
			};
			name = Release;
		};
		C0D966781E3FDC3B0073502D /* Debug */ = {
			isa = XCBuildConfiguration;
			buildSettings = {
				ASSETCATALOG_COMPILER_APPICON_NAME = AppIcon;
				INFOPLIST_FILE = RetroCalc/Info.plist;
				LD_RUNPATH_SEARCH_PATHS = "$(inherited) @executable_path/Frameworks";
				PRODUCT_BUNDLE_IDENTIFIER = com.appcoda.RetroCalc;
				PRODUCT_NAME = "$(TARGET_NAME)";
				SWIFT_VERSION = 3.0;
			};
			name = Debug;
		};
		C0D966791E3FDC3B0073502D /* Release */ = {
			isa = XCBuildConfiguration;
			buildSettings = {
				ASSETCATALOG_COMPILER_APPICON_NAME = AppIcon;
				INFOPLIST_FILE = RetroCalc/Info.plist;
				LD_RUNPATH_SEARCH_PATHS = "$(inherited) @executable_path/Frameworks";
				PRODUCT_BUNDLE_IDENTIFIER = com.appcoda.RetroCalc;
				PRODUCT_NAME = "$(TARGET_NAME)";
				SWIFT_VERSION = 3.0;
			};
			name = Release;
		};
/* End XCBuildConfiguration section */

/* Begin XCConfigurationList section */
		C0D966601E3FDC3A0073502D /* Build configuration list for PBXProject "RetroCalc" */ = {
			isa = XCConfigurationList;
			buildConfigurations = (
				C0D966751E3FDC3B0073502D /* Debug */,
				C0D966761E3FDC3B0073502D /* Release */,
			);
			defaultConfigurationIsVisible = 0;
			defaultConfigurationName = Release;
		};
		C0D966771E3FDC3B0073502D /* Build configuration list for PBXNativeTarget "RetroCalc" */ = {
			isa = XCConfigurationList;
			buildConfigurations = (
				C0D966781E3FDC3B0073502D /* Debug */,
				C0D966791E3FDC3B0073502D /* Release */,
			);
			defaultConfigurationIsVisible = 0;
			defaultConfigurationName = Release;
		};
/* End XCConfigurationList section */
	};
	rootObject = C0D9665D1E3FDC3A0073502D /* Project object */;
}
