// !$*UTF8*$!
{
	archiveVersion = 1;
	classes = {
	};
	objectVersion = 46;
	objects = {

/* Begin PBXBuildFile section */
		C084FF6C1E350FB1000C0D99 /* AppDelegate.swift in Sources */ = {isa = PBXBuildFile; fileRef = C084FF6B1E350FB1000C0D99 /* AppDelegate.swift */; };
		C084FF6E1E350FB1000C0D99 /* ViewController.swift in Sources */ = {isa = PBXBuildFile; fileRef = C084FF6D1E350FB1000C0D99 /* ViewController.swift */; };
		C084FF711E350FB1000C0D99 /* Main.storyboard in Resources */ = {isa = PBXBuildFile; fileRef = C084FF6F1E350FB1000C0D99 /* Main.storyboard */; };
		C084FF731E350FB1000C0D99 /* Assets.xcassets in Resources */ = {isa = PBXBuildFile; fileRef = C084FF721E350FB1000C0D99 /* Assets.xcassets */; };
		C084FF761E350FB1000C0D99 /* LaunchScreen.storyboard in Resources */ = {isa = PBXBuildFile; fileRef = C084FF741E350FB1000C0D99 /* LaunchScreen.storyboard */; };
/* End PBXBuildFile section */

/* Begin PBXFileReference section */
		C084FF681E350FB1000C0D99 /* images.app */ = {isa = PBXFileReference; explicitFileType = wrapper.application; includeInIndex = 0; path = images.app; sourceTree = BUILT_PRODUCTS_DIR; };
		C084FF6B1E350FB1000C0D99 /* AppDelegate.swift */ = {isa = PBXFileReference; lastKnownFileType = sourcecode.swift; path = AppDelegate.swift; sourceTree = "<group>"; };
		C084FF6D1E350FB1000C0D99 /* ViewController.swift */ = {isa = PBXFileReference; lastKnownFileType = sourcecode.swift; path = ViewController.swift; sourceTree = "<group>"; };
		C084FF701E350FB1000C0D99 /* Base */ = {isa = PBXFileReference; lastKnownFileType = file.storyboard; name = Base; path = Base.lproj/Main.storyboard; sourceTree = "<group>"; };
		C084FF721E350FB1000C0D99 /* Assets.xcassets */ = {isa = PBXFileReference; lastKnownFileType = folder.assetcatalog; path = Assets.xcassets; sourceTree = "<group>"; };
		C084FF751E350FB1000C0D99 /* Base */ = {isa = PBXFileReference; lastKnownFileType = file.storyboard; name = Base; path = Base.lproj/LaunchScreen.storyboard; sourceTree = "<group>"; };
		C084FF771E350FB1000C0D99 /* Info.plist */ = {isa = PBXFileReference; lastKnownFileType = text.plist.xml; path = Info.plist; sourceTree = "<group>"; };
/* End PBXFileReference section */

/* Begin PBXFrameworksBuildPhase section */
		C084FF651E350FB1000C0D99 /* Frameworks */ = {
			isa = PBXFrameworksBuildPhase;
			buildActionMask = 2147483647;
			files = (
			);
			runOnlyForDeploymentPostprocessing = 0;
		};
/* End PBXFrameworksBuildPhase section */

/* Begin PBXGroup section */
		C084FF5F1E350FB1000C0D99 = {
			isa = PBXGroup;
			children = (
				C084FF6A1E350FB1000C0D99 /* images */,
				C084FF691E350FB1000C0D99 /* Products */,
			);
			sourceTree = "<group>";
		};
		C084FF691E350FB1000C0D99 /* Products */ = {
			isa = PBXGroup;
			children = (
				C084FF681E350FB1000C0D99 /* images.app */,
			);
			name = Products;
			sourceTree = "<group>";
		};
		C084FF6A1E350FB1000C0D99 /* images */ = {
			isa = PBXGroup;
			children = (
				C084FF6B1E350FB1000C0D99 /* AppDelegate.swift */,
				C084FF6D1E350FB1000C0D99 /* ViewController.swift */,
				C084FF6F1E350FB1000C0D99 /* Main.storyboard */,
				C084FF721E350FB1000C0D99 /* Assets.xcassets */,
				C084FF741E350FB1000C0D99 /* LaunchScreen.storyboard */,
				C084FF771E350FB1000C0D99 /* Info.plist */,
			);
			path = images;
			sourceTree = "<group>";
		};
/* End PBXGroup section */

/* Begin PBXNativeTarget section */
		C084FF671E350FB1000C0D99 /* images */ = {
			isa = PBXNativeTarget;
			buildConfigurationList = C084FF7A1E350FB1000C0D99 /* Build configuration list for PBXNativeTarget "images" */;
			buildPhases = (
				C084FF641E350FB1000C0D99 /* Sources */,
				C084FF651E350FB1000C0D99 /* Frameworks */,
				C084FF661E350FB1000C0D99 /* Resources */,
			);
			buildRules = (
			);
			dependencies = (
			);
			name = images;
			productName = images;
			productReference = C084FF681E350FB1000C0D99 /* images.app */;
			productType = "com.apple.product-type.application";
		};
/* End PBXNativeTarget section */

/* Begin PBXProject section */
		C084FF601E350FB1000C0D99 /* Project object */ = {
			isa = PBXProject;
			attributes = {
				LastSwiftUpdateCheck = 0820;
				LastUpgradeCheck = 0820;
				ORGANIZATIONNAME = "Igor Lantushenko";
				TargetAttributes = {
					C084FF671E350FB1000C0D99 = {
						CreatedOnToolsVersion = 8.2.1;
						ProvisioningStyle = Automatic;
					};
				};
			};
			buildConfigurationList = C084FF631E350FB1000C0D99 /* Build configuration list for PBXProject "images" */;
			compatibilityVersion = "Xcode 3.2";
			developmentRegion = English;
			hasScannedForEncodings = 0;
			knownRegions = (
				en,
				Base,
			);
			mainGroup = C084FF5F1E350FB1000C0D99;
			productRefGroup = C084FF691E350FB1000C0D99 /* Products */;
			projectDirPath = "";
			projectRoot = "";
			targets = (
				C084FF671E350FB1000C0D99 /* images */,
			);
		};
/* End PBXProject section */

/* Begin PBXResourcesBuildPhase section */
		C084FF661E350FB1000C0D99 /* Resources */ = {
			isa = PBXResourcesBuildPhase;
			buildActionMask = 2147483647;
			files = (
				C084FF761E350FB1000C0D99 /* LaunchScreen.storyboard in Resources */,
				C084FF731E350FB1000C0D99 /* Assets.xcassets in Resources */,
				C084FF711E350FB1000C0D99 /* Main.storyboard in Resources */,
			);
			runOnlyForDeploymentPostprocessing = 0;
		};
/* End PBXResourcesBuildPhase section */

/* Begin PBXSourcesBuildPhase section */
		C084FF641E350FB1000C0D99 /* Sources */ = {
			isa = PBXSourcesBuildPhase;
			buildActionMask = 2147483647;
			files = (
				C084FF6E1E350FB1000C0D99 /* ViewController.swift in Sources */,
				C084FF6C1E350FB1000C0D99 /* AppDelegate.swift in Sources */,
			);
			runOnlyForDeploymentPostprocessing = 0;
		};
/* End PBXSourcesBuildPhase section */

/* Begin PBXVariantGroup section */
		C084FF6F1E350FB1000C0D99 /* Main.storyboard */ = {
			isa = PBXVariantGroup;
			children = (
				C084FF701E350FB1000C0D99 /* Base */,
			);
			name = Main.storyboard;
			sourceTree = "<group>";
		};
		C084FF741E350FB1000C0D99 /* LaunchScreen.storyboard */ = {
			isa = PBXVariantGroup;
			children = (
				C084FF751E350FB1000C0D99 /* Base */,
			);
			name = LaunchScreen.storyboard;
			sourceTree = "<group>";
		};
/* End PBXVariantGroup section */

/* Begin XCBuildConfiguration section */
		C084FF781E350FB1000C0D99 /* Debug */ = {
			isa = XCBuildConfiguration;
			buildSettings = {
				ALWAYS_SEARCH_USER_PATHS = NO;
				CLANG_ANALYZER_NONNULL = YES;
				CLANG_CXX_LANGUAGE_STANDARD = "gnu++0x";
				CLANG_CXX_LIBRARY = "libc++";
				CLANG_ENABLE_MODULES = YES;
				CLANG_ENABLE_OBJC_ARC = YES;
				CLANG_WARN_BOOL_CONVERSION = YES;
				CLANG_WARN_CONSTANT_CONVERSION = YES;
				CLANG_WARN_DIRECT_OBJC_ISA_USAGE = YES_ERROR;
				CLANG_WARN_DOCUMENTATION_COMMENTS = YES;
				CLANG_WARN_EMPTY_BODY = YES;
				CLANG_WARN_ENUM_CONVERSION = YES;
				CLANG_WARN_INFINITE_RECURSION = YES;
				CLANG_WARN_INT_CONVERSION = YES;
				CLANG_WARN_OBJC_ROOT_CLASS = YES_ERROR;
				CLANG_WARN_SUSPICIOUS_MOVE = YES;
				CLANG_WARN_UNREACHABLE_CODE = YES;
				CLANG_WARN__DUPLICATE_METHOD_MATCH = YES;
				"CODE_SIGN_IDENTITY[sdk=iphoneos*]" = "iPhone Developer";
				COPY_PHASE_STRIP = NO;
				DEBUG_INFORMATION_FORMAT = dwarf;
				ENABLE_STRICT_OBJC_MSGSEND = YES;
				ENABLE_TESTABILITY = YES;
				GCC_C_LANGUAGE_STANDARD = gnu99;
				GCC_DYNAMIC_NO_PIC = NO;
				GCC_NO_COMMON_BLOCKS = YES;
				GCC_OPTIMIZATION_LEVEL = 0;
				GCC_PREPROCESSOR_DEFINITIONS = (
					"DEBUG=1",
					"$(inherited)",
				);
				GCC_WARN_64_TO_32_BIT_CONVERSION = YES;
				GCC_WARN_ABOUT_RETURN_TYPE = YES_ERROR;
				GCC_WARN_UNDECLARED_SELECTOR = YES;
				GCC_WARN_UNINITIALIZED_AUTOS = YES_AGGRESSIVE;
				GCC_WARN_UNUSED_FUNCTION = YES;
				GCC_WARN_UNUSED_VARIABLE = YES;
				IPHONEOS_DEPLOYMENT_TARGET = 10.2;
				MTL_ENABLE_DEBUG_INFO = YES;
				ONLY_ACTIVE_ARCH = YES;
				SDKROOT = iphoneos;
				SWIFT_ACTIVE_COMPILATION_CONDITIONS = DEBUG;
				SWIFT_OPTIMIZATION_LEVEL = "-Onone";
			};
			name = Debug;
		};
		C084FF791E350FB1000C0D99 /* Release */ = {
			isa = XCBuildConfiguration;
			buildSettings = {
				ALWAYS_SEARCH_USER_PATHS = NO;
				CLANG_ANALYZER_NONNULL = YES;
				CLANG_CXX_LANGUAGE_STANDARD = "gnu++0x";
				CLANG_CXX_LIBRARY = "libc++";
				CLANG_ENABLE_MODULES = YES;
				CLANG_ENABLE_OBJC_ARC = YES;
				CLANG_WARN_BOOL_CONVERSION = YES;
				CLANG_WARN_CONSTANT_CONVERSION = YES;
				CLANG_WARN_DIRECT_OBJC_ISA_USAGE = YES_ERROR;
				CLANG_WARN_DOCUMENTATION_COMMENTS = YES;
				CLANG_WARN_EMPTY_BODY = YES;
				CLANG_WARN_ENUM_CONVERSION = YES;
				CLANG_WARN_INFINITE_RECURSION = YES;
				CLANG_WARN_INT_CONVERSION = YES;
				CLANG_WARN_OBJC_ROOT_CLASS = YES_ERROR;
				CLANG_WARN_SUSPICIOUS_MOVE = YES;
				CLANG_WARN_UNREACHABLE_CODE = YES;
				CLANG_WARN__DUPLICATE_METHOD_MATCH = YES;
				"CODE_SIGN_IDENTITY[sdk=iphoneos*]" = "iPhone Developer";
				COPY_PHASE_STRIP = NO;
				DEBUG_INFORMATION_FORMAT = "dwarf-with-dsym";
				ENABLE_NS_ASSERTIONS = NO;
				ENABLE_STRICT_OBJC_MSGSEND = YES;
				GCC_C_LANGUAGE_STANDARD = gnu99;
				GCC_NO_COMMON_BLOCKS = YES;
				GCC_WARN_64_TO_32_BIT_CONVERSION = YES;
				GCC_WARN_ABOUT_RETURN_TYPE = YES_ERROR;
				GCC_WARN_UNDECLARED_SELECTOR = YES;
				GCC_WARN_UNINITIALIZED_AUTOS = YES_AGGRESSIVE;
				GCC_WARN_UNUSED_FUNCTION = YES;
				GCC_WARN_UNUSED_VARIABLE = YES;
				IPHONEOS_DEPLOYMENT_TARGET = 10.2;
				MTL_ENABLE_DEBUG_INFO = NO;
				SDKROOT = iphoneos;
				SWIFT_OPTIMIZATION_LEVEL = "-Owholemodule";
				VALIDATE_PRODUCT = YES;
			};
			name = Release;
		};
		C084FF7B1E350FB1000C0D99 /* Debug */ = {
			isa = XCBuildConfiguration;
			buildSettings = {
				ASSETCATALOG_COMPILER_APPICON_NAME = AppIcon;
				INFOPLIST_FILE = images/Info.plist;
				LD_RUNPATH_SEARCH_PATHS = "$(inherited) @executable_path/Frameworks";
				PRODUCT_BUNDLE_IDENTIFIER = com.appcoda.images;
				PRODUCT_NAME = "$(TARGET_NAME)";
				SWIFT_VERSION = 3.0;
			};
			name = Debug;
		};
		C084FF7C1E350FB1000C0D99 /* Release */ = {
			isa = XCBuildConfiguration;
			buildSettings = {
				ASSETCATALOG_COMPILER_APPICON_NAME = AppIcon;
				INFOPLIST_FILE = images/Info.plist;
				LD_RUNPATH_SEARCH_PATHS = "$(inherited) @executable_path/Frameworks";
				PRODUCT_BUNDLE_IDENTIFIER = com.appcoda.images;
				PRODUCT_NAME = "$(TARGET_NAME)";
				SWIFT_VERSION = 3.0;
			};
			name = Release;
		};
/* End XCBuildConfiguration section */

/* Begin XCConfigurationList section */
		C084FF631E350FB1000C0D99 /* Build configuration list for PBXProject "images" */ = {
			isa = XCConfigurationList;
			buildConfigurations = (
				C084FF781E350FB1000C0D99 /* Debug */,
				C084FF791E350FB1000C0D99 /* Release */,
			);
			defaultConfigurationIsVisible = 0;
			defaultConfigurationName = Release;
		};
		C084FF7A1E350FB1000C0D99 /* Build configuration list for PBXNativeTarget "images" */ = {
			isa = XCConfigurationList;
			buildConfigurations = (
				C084FF7B1E350FB1000C0D99 /* Debug */,
				C084FF7C1E350FB1000C0D99 /* Release */,
			);
			defaultConfigurationIsVisible = 0;
			defaultConfigurationName = Release;
		};
/* End XCConfigurationList section */
	};
	rootObject = C084FF601E350FB1000C0D99 /* Project object */;
}
