// !$*UTF8*$!
{
	archiveVersion = 1;
	classes = {
	};
	objectVersion = 46;
	objects = {

/* Begin PBXBuildFile section */
		C0F5CB041E3D367500274627 /* AppDelegate.swift in Sources */ = {isa = PBXBuildFile; fileRef = C0F5CB031E3D367500274627 /* AppDelegate.swift */; };
		C0F5CB061E3D367500274627 /* ViewController.swift in Sources */ = {isa = PBXBuildFile; fileRef = C0F5CB051E3D367500274627 /* ViewController.swift */; };
		C0F5CB091E3D367500274627 /* Main.storyboard in Resources */ = {isa = PBXBuildFile; fileRef = C0F5CB071E3D367500274627 /* Main.storyboard */; };
		C0F5CB0B1E3D367500274627 /* Assets.xcassets in Resources */ = {isa = PBXBuildFile; fileRef = C0F5CB0A1E3D367500274627 /* Assets.xcassets */; };
		C0F5CB0E1E3D367500274627 /* LaunchScreen.storyboard in Resources */ = {isa = PBXBuildFile; fileRef = C0F5CB0C1E3D367500274627 /* LaunchScreen.storyboard */; };
/* End PBXBuildFile section */

/* Begin PBXFileReference section */
		C0F5CB001E3D367500274627 /* scrollIT.app */ = {isa = PBXFileReference; explicitFileType = wrapper.application; includeInIndex = 0; path = scrollIT.app; sourceTree = BUILT_PRODUCTS_DIR; };
		C0F5CB031E3D367500274627 /* AppDelegate.swift */ = {isa = PBXFileReference; lastKnownFileType = sourcecode.swift; path = AppDelegate.swift; sourceTree = "<group>"; };
		C0F5CB051E3D367500274627 /* ViewController.swift */ = {isa = PBXFileReference; lastKnownFileType = sourcecode.swift; path = ViewController.swift; sourceTree = "<group>"; };
		C0F5CB081E3D367500274627 /* Base */ = {isa = PBXFileReference; lastKnownFileType = file.storyboard; name = Base; path = Base.lproj/Main.storyboard; sourceTree = "<group>"; };
		C0F5CB0A1E3D367500274627 /* Assets.xcassets */ = {isa = PBXFileReference; lastKnownFileType = folder.assetcatalog; path = Assets.xcassets; sourceTree = "<group>"; };
		C0F5CB0D1E3D367500274627 /* Base */ = {isa = PBXFileReference; lastKnownFileType = file.storyboard; name = Base; path = Base.lproj/LaunchScreen.storyboard; sourceTree = "<group>"; };
		C0F5CB0F1E3D367500274627 /* Info.plist */ = {isa = PBXFileReference; lastKnownFileType = text.plist.xml; path = Info.plist; sourceTree = "<group>"; };
/* End PBXFileReference section */

/* Begin PBXFrameworksBuildPhase section */
		C0F5CAFD1E3D367500274627 /* Frameworks */ = {
			isa = PBXFrameworksBuildPhase;
			buildActionMask = 2147483647;
			files = (
			);
			runOnlyForDeploymentPostprocessing = 0;
		};
/* End PBXFrameworksBuildPhase section */

/* Begin PBXGroup section */
		C0F5CAF71E3D367500274627 = {
			isa = PBXGroup;
			children = (
				C0F5CB021E3D367500274627 /* scrollIT */,
				C0F5CB011E3D367500274627 /* Products */,
			);
			sourceTree = "<group>";
		};
		C0F5CB011E3D367500274627 /* Products */ = {
			isa = PBXGroup;
			children = (
				C0F5CB001E3D367500274627 /* scrollIT.app */,
			);
			name = Products;
			sourceTree = "<group>";
		};
		C0F5CB021E3D367500274627 /* scrollIT */ = {
			isa = PBXGroup;
			children = (
				C0F5CB031E3D367500274627 /* AppDelegate.swift */,
				C0F5CB051E3D367500274627 /* ViewController.swift */,
				C0F5CB071E3D367500274627 /* Main.storyboard */,
				C0F5CB0A1E3D367500274627 /* Assets.xcassets */,
				C0F5CB0C1E3D367500274627 /* LaunchScreen.storyboard */,
				C0F5CB0F1E3D367500274627 /* Info.plist */,
			);
			path = scrollIT;
			sourceTree = "<group>";
		};
/* End PBXGroup section */

/* Begin PBXNativeTarget section */
		C0F5CAFF1E3D367500274627 /* scrollIT */ = {
			isa = PBXNativeTarget;
			buildConfigurationList = C0F5CB121E3D367500274627 /* Build configuration list for PBXNativeTarget "scrollIT" */;
			buildPhases = (
				C0F5CAFC1E3D367500274627 /* Sources */,
				C0F5CAFD1E3D367500274627 /* Frameworks */,
				C0F5CAFE1E3D367500274627 /* Resources */,
			);
			buildRules = (
			);
			dependencies = (
			);
			name = scrollIT;
			productName = scrollIT;
			productReference = C0F5CB001E3D367500274627 /* scrollIT.app */;
			productType = "com.apple.product-type.application";
		};
/* End PBXNativeTarget section */

/* Begin PBXProject section */
		C0F5CAF81E3D367500274627 /* Project object */ = {
			isa = PBXProject;
			attributes = {
				LastSwiftUpdateCheck = 0820;
				LastUpgradeCheck = 0820;
				ORGANIZATIONNAME = "Igor Lantushenko";
				TargetAttributes = {
					C0F5CAFF1E3D367500274627 = {
						CreatedOnToolsVersion = 8.2.1;
						ProvisioningStyle = Automatic;
					};
				};
			};
			buildConfigurationList = C0F5CAFB1E3D367500274627 /* Build configuration list for PBXProject "scrollIT" */;
			compatibilityVersion = "Xcode 3.2";
			developmentRegion = English;
			hasScannedForEncodings = 0;
			knownRegions = (
				en,
				Base,
			);
			mainGroup = C0F5CAF71E3D367500274627;
			productRefGroup = C0F5CB011E3D367500274627 /* Products */;
			projectDirPath = "";
			projectRoot = "";
			targets = (
				C0F5CAFF1E3D367500274627 /* scrollIT */,
			);
		};
/* End PBXProject section */

/* Begin PBXResourcesBuildPhase section */
		C0F5CAFE1E3D367500274627 /* Resources */ = {
			isa = PBXResourcesBuildPhase;
			buildActionMask = 2147483647;
			files = (
				C0F5CB0E1E3D367500274627 /* LaunchScreen.storyboard in Resources */,
				C0F5CB0B1E3D367500274627 /* Assets.xcassets in Resources */,
				C0F5CB091E3D367500274627 /* Main.storyboard in Resources */,
			);
			runOnlyForDeploymentPostprocessing = 0;
		};
/* End PBXResourcesBuildPhase section */

/* Begin PBXSourcesBuildPhase section */
		C0F5CAFC1E3D367500274627 /* Sources */ = {
			isa = PBXSourcesBuildPhase;
			buildActionMask = 2147483647;
			files = (
				C0F5CB061E3D367500274627 /* ViewController.swift in Sources */,
				C0F5CB041E3D367500274627 /* AppDelegate.swift in Sources */,
			);
			runOnlyForDeploymentPostprocessing = 0;
		};
/* End PBXSourcesBuildPhase section */

/* Begin PBXVariantGroup section */
		C0F5CB071E3D367500274627 /* Main.storyboard */ = {
			isa = PBXVariantGroup;
			children = (
				C0F5CB081E3D367500274627 /* Base */,
			);
			name = Main.storyboard;
			sourceTree = "<group>";
		};
		C0F5CB0C1E3D367500274627 /* LaunchScreen.storyboard */ = {
			isa = PBXVariantGroup;
			children = (
				C0F5CB0D1E3D367500274627 /* Base */,
			);
			name = LaunchScreen.storyboard;
			sourceTree = "<group>";
		};
/* End PBXVariantGroup section */

/* Begin XCBuildConfiguration section */
		C0F5CB101E3D367500274627 /* Debug */ = {
			isa = XCBuildConfiguration;
			buildSettings = {
				ALWAYS_SEARCH_USER_PATHS = NO;
				CLANG_ANALYZER_NONNULL = YES;
				CLANG_CXX_LANGUAGE_STANDARD = "gnu++0x";
				CLANG_CXX_LIBRARY = "libc++";
				CLANG_ENABLE_MODULES = YES;
				CLANG_ENABLE_OBJC_ARC = YES;
				CLANG_WARN_BOOL_CONVERSION = YES;
				CLANG_WARN_CONSTANT_CONVERSION = YES;
				CLANG_WARN_DIRECT_OBJC_ISA_USAGE = YES_ERROR;
				CLANG_WARN_DOCUMENTATION_COMMENTS = YES;
				CLANG_WARN_EMPTY_BODY = YES;
				CLANG_WARN_ENUM_CONVERSION = YES;
				CLANG_WARN_INFINITE_RECURSION = YES;
				CLANG_WARN_INT_CONVERSION = YES;
				CLANG_WARN_OBJC_ROOT_CLASS = YES_ERROR;
				CLANG_WARN_SUSPICIOUS_MOVE = YES;
				CLANG_WARN_UNREACHABLE_CODE = YES;
				CLANG_WARN__DUPLICATE_METHOD_MATCH = YES;
				"CODE_SIGN_IDENTITY[sdk=iphoneos*]" = "iPhone Developer";
				COPY_PHASE_STRIP = NO;
				DEBUG_INFORMATION_FORMAT = dwarf;
				ENABLE_STRICT_OBJC_MSGSEND = YES;
				ENABLE_TESTABILITY = YES;
				GCC_C_LANGUAGE_STANDARD = gnu99;
				GCC_DYNAMIC_NO_PIC = NO;
				GCC_NO_COMMON_BLOCKS = YES;
				GCC_OPTIMIZATION_LEVEL = 0;
				GCC_PREPROCESSOR_DEFINITIONS = (
					"DEBUG=1",
					"$(inherited)",
				);
				GCC_WARN_64_TO_32_BIT_CONVERSION = YES;
				GCC_WARN_ABOUT_RETURN_TYPE = YES_ERROR;
				GCC_WARN_UNDECLARED_SELECTOR = YES;
				GCC_WARN_UNINITIALIZED_AUTOS = YES_AGGRESSIVE;
				GCC_WARN_UNUSED_FUNCTION = YES;
				GCC_WARN_UNUSED_VARIABLE = YES;
				IPHONEOS_DEPLOYMENT_TARGET = 10.2;
				MTL_ENABLE_DEBUG_INFO = YES;
				ONLY_ACTIVE_ARCH = YES;
				SDKROOT = iphoneos;
				SWIFT_ACTIVE_COMPILATION_CONDITIONS = DEBUG;
				SWIFT_OPTIMIZATION_LEVEL = "-Onone";
			};
			name = Debug;
		};
		C0F5CB111E3D367500274627 /* Release */ = {
			isa = XCBuildConfiguration;
			buildSettings = {
				ALWAYS_SEARCH_USER_PATHS = NO;
				CLANG_ANALYZER_NONNULL = YES;
				CLANG_CXX_LANGUAGE_STANDARD = "gnu++0x";
				CLANG_CXX_LIBRARY = "libc++";
				CLANG_ENABLE_MODULES = YES;
				CLANG_ENABLE_OBJC_ARC = YES;
				CLANG_WARN_BOOL_CONVERSION = YES;
				CLANG_WARN_CONSTANT_CONVERSION = YES;
				CLANG_WARN_DIRECT_OBJC_ISA_USAGE = YES_ERROR;
				CLANG_WARN_DOCUMENTATION_COMMENTS = YES;
				CLANG_WARN_EMPTY_BODY = YES;
				CLANG_WARN_ENUM_CONVERSION = YES;
				CLANG_WARN_INFINITE_RECURSION = YES;
				CLANG_WARN_INT_CONVERSION = YES;
				CLANG_WARN_OBJC_ROOT_CLASS = YES_ERROR;
				CLANG_WARN_SUSPICIOUS_MOVE = YES;
				CLANG_WARN_UNREACHABLE_CODE = YES;
				CLANG_WARN__DUPLICATE_METHOD_MATCH = YES;
				"CODE_SIGN_IDENTITY[sdk=iphoneos*]" = "iPhone Developer";
				COPY_PHASE_STRIP = NO;
				DEBUG_INFORMATION_FORMAT = "dwarf-with-dsym";
				ENABLE_NS_ASSERTIONS = NO;
				ENABLE_STRICT_OBJC_MSGSEND = YES;
				GCC_C_LANGUAGE_STANDARD = gnu99;
				GCC_NO_COMMON_BLOCKS = YES;
				GCC_WARN_64_TO_32_BIT_CONVERSION = YES;
				GCC_WARN_ABOUT_RETURN_TYPE = YES_ERROR;
				GCC_WARN_UNDECLARED_SELECTOR = YES;
				GCC_WARN_UNINITIALIZED_AUTOS = YES_AGGRESSIVE;
				GCC_WARN_UNUSED_FUNCTION = YES;
				GCC_WARN_UNUSED_VARIABLE = YES;
				IPHONEOS_DEPLOYMENT_TARGET = 10.2;
				MTL_ENABLE_DEBUG_INFO = NO;
				SDKROOT = iphoneos;
				SWIFT_OPTIMIZATION_LEVEL = "-Owholemodule";
				VALIDATE_PRODUCT = YES;
			};
			name = Release;
		};
		C0F5CB131E3D367500274627 /* Debug */ = {
			isa = XCBuildConfiguration;
			buildSettings = {
				ASSETCATALOG_COMPILER_APPICON_NAME = AppIcon;
				INFOPLIST_FILE = scrollIT/Info.plist;
				LD_RUNPATH_SEARCH_PATHS = "$(inherited) @executable_path/Frameworks";
				PRODUCT_BUNDLE_IDENTIFIER = com.appcoda.scrollIT;
				PRODUCT_NAME = "$(TARGET_NAME)";
				SWIFT_VERSION = 3.0;
			};
			name = Debug;
		};
		C0F5CB141E3D367500274627 /* Release */ = {
			isa = XCBuildConfiguration;
			buildSettings = {
				ASSETCATALOG_COMPILER_APPICON_NAME = AppIcon;
				INFOPLIST_FILE = scrollIT/Info.plist;
				LD_RUNPATH_SEARCH_PATHS = "$(inherited) @executable_path/Frameworks";
				PRODUCT_BUNDLE_IDENTIFIER = com.appcoda.scrollIT;
				PRODUCT_NAME = "$(TARGET_NAME)";
				SWIFT_VERSION = 3.0;
			};
			name = Release;
		};
/* End XCBuildConfiguration section */

/* Begin XCConfigurationList section */
		C0F5CAFB1E3D367500274627 /* Build configuration list for PBXProject "scrollIT" */ = {
			isa = XCConfigurationList;
			buildConfigurations = (
				C0F5CB101E3D367500274627 /* Debug */,
				C0F5CB111E3D367500274627 /* Release */,
			);
			defaultConfigurationIsVisible = 0;
			defaultConfigurationName = Release;
		};
		C0F5CB121E3D367500274627 /* Build configuration list for PBXNativeTarget "scrollIT" */ = {
			isa = XCConfigurationList;
			buildConfigurations = (
				C0F5CB131E3D367500274627 /* Debug */,
				C0F5CB141E3D367500274627 /* Release */,
			);
			defaultConfigurationIsVisible = 0;
		};
/* End XCConfigurationList section */
	};
	rootObject = C0F5CAF81E3D367500274627 /* Project object */;
}
