// !$*UTF8*$!
{
	archiveVersion = 1;
	classes = {
	};
	objectVersion = 46;
	objects = {

/* Begin PBXBuildFile section */
		C03173F51E4FCC3000185998 /* MaterialView.swift in Sources */ = {isa = PBXBuildFile; fileRef = C03173F41E4FCC3000185998 /* MaterialView.swift */; };
		C03173F71E505E1A00185998 /* ItemCell.swift in Sources */ = {isa = PBXBuildFile; fileRef = C03173F61E505E1A00185998 /* ItemCell.swift */; };
		C03173F91E50DADD00185998 /* ItemDetailVC.swift in Sources */ = {isa = PBXBuildFile; fileRef = C03173F81E50DADD00185998 /* ItemDetailVC.swift */; };
		C03173FB1E50DFF500185998 /* CustomTextField.swift in Sources */ = {isa = PBXBuildFile; fileRef = C03173FA1E50DFF500185998 /* CustomTextField.swift */; };
		C09350EB1E4FB3120017ED95 /* AppDelegate.swift in Sources */ = {isa = PBXBuildFile; fileRef = C09350EA1E4FB3120017ED95 /* AppDelegate.swift */; };
		C09350ED1E4FB3120017ED95 /* MainVC.swift in Sources */ = {isa = PBXBuildFile; fileRef = C09350EC1E4FB3120017ED95 /* MainVC.swift */; };
		C09350F01E4FB3120017ED95 /* Main.storyboard in Resources */ = {isa = PBXBuildFile; fileRef = C09350EE1E4FB3120017ED95 /* Main.storyboard */; };
		C09350F31E4FB3120017ED95 /* DreamList.xcdatamodeld in Sources */ = {isa = PBXBuildFile; fileRef = C09350F11E4FB3120017ED95 /* DreamList.xcdatamodeld */; };
		C09350F51E4FB3120017ED95 /* Assets.xcassets in Resources */ = {isa = PBXBuildFile; fileRef = C09350F41E4FB3120017ED95 /* Assets.xcassets */; };
		C09350F81E4FB3120017ED95 /* LaunchScreen.storyboard in Resources */ = {isa = PBXBuildFile; fileRef = C09350F61E4FB3120017ED95 /* LaunchScreen.storyboard */; };
		C09351131E4FBB3C0017ED95 /* Item+CoreDataClass.swift in Sources */ = {isa = PBXBuildFile; fileRef = C09351111E4FBB3C0017ED95 /* Item+CoreDataClass.swift */; };
/* End PBXBuildFile section */

/* Begin PBXFileReference section */
		C03173F41E4FCC3000185998 /* MaterialView.swift */ = {isa = PBXFileReference; fileEncoding = 4; lastKnownFileType = sourcecode.swift; path = MaterialView.swift; sourceTree = "<group>"; };
		C03173F61E505E1A00185998 /* ItemCell.swift */ = {isa = PBXFileReference; fileEncoding = 4; lastKnownFileType = sourcecode.swift; path = ItemCell.swift; sourceTree = "<group>"; };
		C03173F81E50DADD00185998 /* ItemDetailVC.swift */ = {isa = PBXFileReference; fileEncoding = 4; lastKnownFileType = sourcecode.swift; path = ItemDetailVC.swift; sourceTree = "<group>"; };
		C03173FA1E50DFF500185998 /* CustomTextField.swift */ = {isa = PBXFileReference; fileEncoding = 4; lastKnownFileType = sourcecode.swift; path = CustomTextField.swift; sourceTree = "<group>"; };
		C09350E71E4FB3120017ED95 /* DreamList.app */ = {isa = PBXFileReference; explicitFileType = wrapper.application; includeInIndex = 0; path = DreamList.app; sourceTree = BUILT_PRODUCTS_DIR; };
		C09350EA1E4FB3120017ED95 /* AppDelegate.swift */ = {isa = PBXFileReference; lastKnownFileType = sourcecode.swift; path = AppDelegate.swift; sourceTree = "<group>"; };
		C09350EC1E4FB3120017ED95 /* MainVC.swift */ = {isa = PBXFileReference; lastKnownFileType = sourcecode.swift; path = MainVC.swift; sourceTree = "<group>"; };
		C09350EF1E4FB3120017ED95 /* Base */ = {isa = PBXFileReference; lastKnownFileType = file.storyboard; name = Base; path = Base.lproj/Main.storyboard; sourceTree = "<group>"; };
		C09350F21E4FB3120017ED95 /* DreamList.xcdatamodel */ = {isa = PBXFileReference; lastKnownFileType = wrapper.xcdatamodel; path = DreamList.xcdatamodel; sourceTree = "<group>"; };
		C09350F41E4FB3120017ED95 /* Assets.xcassets */ = {isa = PBXFileReference; lastKnownFileType = folder.assetcatalog; path = Assets.xcassets; sourceTree = "<group>"; };
		C09350F71E4FB3120017ED95 /* Base */ = {isa = PBXFileReference; lastKnownFileType = file.storyboard; name = Base; path = Base.lproj/LaunchScreen.storyboard; sourceTree = "<group>"; };
		C09350F91E4FB3120017ED95 /* Info.plist */ = {isa = PBXFileReference; lastKnownFileType = text.plist.xml; path = Info.plist; sourceTree = "<group>"; };
		C09351111E4FBB3C0017ED95 /* Item+CoreDataClass.swift */ = {isa = PBXFileReference; fileEncoding = 4; lastKnownFileType = sourcecode.swift; name = "Item+CoreDataClass.swift"; path = "../Item+CoreDataClass.swift"; sourceTree = "<group>"; };
/* End PBXFileReference section */

/* Begin PBXFrameworksBuildPhase section */
		C09350E41E4FB3120017ED95 /* Frameworks */ = {
			isa = PBXFrameworksBuildPhase;
			buildActionMask = 2147483647;
			files = (
			);
			runOnlyForDeploymentPostprocessing = 0;
		};
/* End PBXFrameworksBuildPhase section */

/* Begin PBXGroup section */
		C03173F31E4FCC1400185998 /* View */ = {
			isa = PBXGroup;
			children = (
				C03173F41E4FCC3000185998 /* MaterialView.swift */,
				C03173FA1E50DFF500185998 /* CustomTextField.swift */,
				C03173F61E505E1A00185998 /* ItemCell.swift */,
			);
			name = View;
			sourceTree = "<group>";
		};
		C09350DE1E4FB3110017ED95 = {
			isa = PBXGroup;
			children = (
				C09350E91E4FB3120017ED95 /* DreamList */,
				C09350E81E4FB3120017ED95 /* Products */,
			);
			sourceTree = "<group>";
		};
		C09350E81E4FB3120017ED95 /* Products */ = {
			isa = PBXGroup;
			children = (
				C09350E71E4FB3120017ED95 /* DreamList.app */,
			);
			name = Products;
			sourceTree = "<group>";
		};
		C09350E91E4FB3120017ED95 /* DreamList */ = {
			isa = PBXGroup;
			children = (
				C03173F31E4FCC1400185998 /* View */,
				C09351151E4FBE670017ED95 /* Controller */,
				C09351111E4FBB3C0017ED95 /* Item+CoreDataClass.swift */,
				C09350EA1E4FB3120017ED95 /* AppDelegate.swift */,
				C09350EE1E4FB3120017ED95 /* Main.storyboard */,
				C09350F41E4FB3120017ED95 /* Assets.xcassets */,
				C09350F61E4FB3120017ED95 /* LaunchScreen.storyboard */,
				C09350F91E4FB3120017ED95 /* Info.plist */,
				C09350F11E4FB3120017ED95 /* DreamList.xcdatamodeld */,
			);
			path = DreamList;
			sourceTree = "<group>";
		};
		C09351151E4FBE670017ED95 /* Controller */ = {
			isa = PBXGroup;
			children = (
				C09350EC1E4FB3120017ED95 /* MainVC.swift */,
				C03173F81E50DADD00185998 /* ItemDetailVC.swift */,
			);
			name = Controller;
			sourceTree = "<group>";
		};
/* End PBXGroup section */

/* Begin PBXNativeTarget section */
		C09350E61E4FB3120017ED95 /* DreamList */ = {
			isa = PBXNativeTarget;
			buildConfigurationList = C09350FC1E4FB3120017ED95 /* Build configuration list for PBXNativeTarget "DreamList" */;
			buildPhases = (
				C09350E31E4FB3120017ED95 /* Sources */,
				C09350E41E4FB3120017ED95 /* Frameworks */,
				C09350E51E4FB3120017ED95 /* Resources */,
			);
			buildRules = (
			);
			dependencies = (
			);
			name = DreamList;
			productName = DreamList;
			productReference = C09350E71E4FB3120017ED95 /* DreamList.app */;
			productType = "com.apple.product-type.application";
		};
/* End PBXNativeTarget section */

/* Begin PBXProject section */
		C09350DF1E4FB3110017ED95 /* Project object */ = {
			isa = PBXProject;
			attributes = {
				LastSwiftUpdateCheck = 0820;
				LastUpgradeCheck = 0820;
				ORGANIZATIONNAME = "Igor Lantushenko";
				TargetAttributes = {
					C09350E61E4FB3120017ED95 = {
						CreatedOnToolsVersion = 8.2.1;
						ProvisioningStyle = Automatic;
					};
				};
			};
			buildConfigurationList = C09350E21E4FB3120017ED95 /* Build configuration list for PBXProject "DreamList" */;
			compatibilityVersion = "Xcode 3.2";
			developmentRegion = English;
			hasScannedForEncodings = 0;
			knownRegions = (
				en,
				Base,
			);
			mainGroup = C09350DE1E4FB3110017ED95;
			productRefGroup = C09350E81E4FB3120017ED95 /* Products */;
			projectDirPath = "";
			projectRoot = "";
			targets = (
				C09350E61E4FB3120017ED95 /* DreamList */,
			);
		};
/* End PBXProject section */

/* Begin PBXResourcesBuildPhase section */
		C09350E51E4FB3120017ED95 /* Resources */ = {
			isa = PBXResourcesBuildPhase;
			buildActionMask = 2147483647;
			files = (
				C09350F81E4FB3120017ED95 /* LaunchScreen.storyboard in Resources */,
				C09350F51E4FB3120017ED95 /* Assets.xcassets in Resources */,
				C09350F01E4FB3120017ED95 /* Main.storyboard in Resources */,
			);
			runOnlyForDeploymentPostprocessing = 0;
		};
/* End PBXResourcesBuildPhase section */

/* Begin PBXSourcesBuildPhase section */
		C09350E31E4FB3120017ED95 /* Sources */ = {
			isa = PBXSourcesBuildPhase;
			buildActionMask = 2147483647;
			files = (
				C09351131E4FBB3C0017ED95 /* Item+CoreDataClass.swift in Sources */,
				C09350ED1E4FB3120017ED95 /* MainVC.swift in Sources */,
				C03173F51E4FCC3000185998 /* MaterialView.swift in Sources */,
				C03173F91E50DADD00185998 /* ItemDetailVC.swift in Sources */,
				C03173FB1E50DFF500185998 /* CustomTextField.swift in Sources */,
				C09350EB1E4FB3120017ED95 /* AppDelegate.swift in Sources */,
				C03173F71E505E1A00185998 /* ItemCell.swift in Sources */,
				C09350F31E4FB3120017ED95 /* DreamList.xcdatamodeld in Sources */,
			);
			runOnlyForDeploymentPostprocessing = 0;
		};
/* End PBXSourcesBuildPhase section */

/* Begin PBXVariantGroup section */
		C09350EE1E4FB3120017ED95 /* Main.storyboard */ = {
			isa = PBXVariantGroup;
			children = (
				C09350EF1E4FB3120017ED95 /* Base */,
			);
			name = Main.storyboard;
			sourceTree = "<group>";
		};
		C09350F61E4FB3120017ED95 /* LaunchScreen.storyboard */ = {
			isa = PBXVariantGroup;
			children = (
				C09350F71E4FB3120017ED95 /* Base */,
			);
			name = LaunchScreen.storyboard;
			sourceTree = "<group>";
		};
/* End PBXVariantGroup section */

/* Begin XCBuildConfiguration section */
		C09350FA1E4FB3120017ED95 /* Debug */ = {
			isa = XCBuildConfiguration;
			buildSettings = {
				ALWAYS_SEARCH_USER_PATHS = NO;
				CLANG_ANALYZER_NONNULL = YES;
				CLANG_CXX_LANGUAGE_STANDARD = "gnu++0x";
				CLANG_CXX_LIBRARY = "libc++";
				CLANG_ENABLE_MODULES = YES;
				CLANG_ENABLE_OBJC_ARC = YES;
				CLANG_WARN_BOOL_CONVERSION = YES;
				CLANG_WARN_CONSTANT_CONVERSION = YES;
				CLANG_WARN_DIRECT_OBJC_ISA_USAGE = YES_ERROR;
				CLANG_WARN_DOCUMENTATION_COMMENTS = YES;
				CLANG_WARN_EMPTY_BODY = YES;
				CLANG_WARN_ENUM_CONVERSION = YES;
				CLANG_WARN_INFINITE_RECURSION = YES;
				CLANG_WARN_INT_CONVERSION = YES;
				CLANG_WARN_OBJC_ROOT_CLASS = YES_ERROR;
				CLANG_WARN_SUSPICIOUS_MOVE = YES;
				CLANG_WARN_UNREACHABLE_CODE = YES;
				CLANG_WARN__DUPLICATE_METHOD_MATCH = YES;
				"CODE_SIGN_IDENTITY[sdk=iphoneos*]" = "iPhone Developer";
				COPY_PHASE_STRIP = NO;
				DEBUG_INFORMATION_FORMAT = dwarf;
				ENABLE_STRICT_OBJC_MSGSEND = YES;
				ENABLE_TESTABILITY = YES;
				GCC_C_LANGUAGE_STANDARD = gnu99;
				GCC_DYNAMIC_NO_PIC = NO;
				GCC_NO_COMMON_BLOCKS = YES;
				GCC_OPTIMIZATION_LEVEL = 0;
				GCC_PREPROCESSOR_DEFINITIONS = (
					"DEBUG=1",
					"$(inherited)",
				);
				GCC_WARN_64_TO_32_BIT_CONVERSION = YES;
				GCC_WARN_ABOUT_RETURN_TYPE = YES_ERROR;
				GCC_WARN_UNDECLARED_SELECTOR = YES;
				GCC_WARN_UNINITIALIZED_AUTOS = YES_AGGRESSIVE;
				GCC_WARN_UNUSED_FUNCTION = YES;
				GCC_WARN_UNUSED_VARIABLE = YES;
				IPHONEOS_DEPLOYMENT_TARGET = 10.2;
				MTL_ENABLE_DEBUG_INFO = YES;
				ONLY_ACTIVE_ARCH = YES;
				SDKROOT = iphoneos;
				SWIFT_ACTIVE_COMPILATION_CONDITIONS = DEBUG;
				SWIFT_OPTIMIZATION_LEVEL = "-Onone";
			};
			name = Debug;
		};
		C09350FB1E4FB3120017ED95 /* Release */ = {
			isa = XCBuildConfiguration;
			buildSettings = {
				ALWAYS_SEARCH_USER_PATHS = NO;
				CLANG_ANALYZER_NONNULL = YES;
				CLANG_CXX_LANGUAGE_STANDARD = "gnu++0x";
				CLANG_CXX_LIBRARY = "libc++";
				CLANG_ENABLE_MODULES = YES;
				CLANG_ENABLE_OBJC_ARC = YES;
				CLANG_WARN_BOOL_CONVERSION = YES;
				CLANG_WARN_CONSTANT_CONVERSION = YES;
				CLANG_WARN_DIRECT_OBJC_ISA_USAGE = YES_ERROR;
				CLANG_WARN_DOCUMENTATION_COMMENTS = YES;
				CLANG_WARN_EMPTY_BODY = YES;
				CLANG_WARN_ENUM_CONVERSION = YES;
				CLANG_WARN_INFINITE_RECURSION = YES;
				CLANG_WARN_INT_CONVERSION = YES;
				CLANG_WARN_OBJC_ROOT_CLASS = YES_ERROR;
				CLANG_WARN_SUSPICIOUS_MOVE = YES;
				CLANG_WARN_UNREACHABLE_CODE = YES;
				CLANG_WARN__DUPLICATE_METHOD_MATCH = YES;
				"CODE_SIGN_IDENTITY[sdk=iphoneos*]" = "iPhone Developer";
				COPY_PHASE_STRIP = NO;
				DEBUG_INFORMATION_FORMAT = "dwarf-with-dsym";
				ENABLE_NS_ASSERTIONS = NO;
				ENABLE_STRICT_OBJC_MSGSEND = YES;
				GCC_C_LANGUAGE_STANDARD = gnu99;
				GCC_NO_COMMON_BLOCKS = YES;
				GCC_WARN_64_TO_32_BIT_CONVERSION = YES;
				GCC_WARN_ABOUT_RETURN_TYPE = YES_ERROR;
				GCC_WARN_UNDECLARED_SELECTOR = YES;
				GCC_WARN_UNINITIALIZED_AUTOS = YES_AGGRESSIVE;
				GCC_WARN_UNUSED_FUNCTION = YES;
				GCC_WARN_UNUSED_VARIABLE = YES;
				IPHONEOS_DEPLOYMENT_TARGET = 10.2;
				MTL_ENABLE_DEBUG_INFO = NO;
				SDKROOT = iphoneos;
				SWIFT_OPTIMIZATION_LEVEL = "-Owholemodule";
				VALIDATE_PRODUCT = YES;
			};
			name = Release;
		};
		C09350FD1E4FB3120017ED95 /* Debug */ = {
			isa = XCBuildConfiguration;
			buildSettings = {
				ASSETCATALOG_COMPILER_APPICON_NAME = AppIcon;
				INFOPLIST_FILE = DreamList/Info.plist;
				LD_RUNPATH_SEARCH_PATHS = "$(inherited) @executable_path/Frameworks";
				PRODUCT_BUNDLE_IDENTIFIER = com.appcoda.DreamList;
				PRODUCT_NAME = "$(TARGET_NAME)";
				SWIFT_VERSION = 3.0;
			};
			name = Debug;
		};
		C09350FE1E4FB3120017ED95 /* Release */ = {
			isa = XCBuildConfiguration;
			buildSettings = {
				ASSETCATALOG_COMPILER_APPICON_NAME = AppIcon;
				INFOPLIST_FILE = DreamList/Info.plist;
				LD_RUNPATH_SEARCH_PATHS = "$(inherited) @executable_path/Frameworks";
				PRODUCT_BUNDLE_IDENTIFIER = com.appcoda.DreamList;
				PRODUCT_NAME = "$(TARGET_NAME)";
				SWIFT_VERSION = 3.0;
			};
			name = Release;
		};
/* End XCBuildConfiguration section */

/* Begin XCConfigurationList section */
		C09350E21E4FB3120017ED95 /* Build configuration list for PBXProject "DreamList" */ = {
			isa = XCConfigurationList;
			buildConfigurations = (
				C09350FA1E4FB3120017ED95 /* Debug */,
				C09350FB1E4FB3120017ED95 /* Release */,
			);
			defaultConfigurationIsVisible = 0;
			defaultConfigurationName = Release;
		};
		C09350FC1E4FB3120017ED95 /* Build configuration list for PBXNativeTarget "DreamList" */ = {
			isa = XCConfigurationList;
			buildConfigurations = (
				C09350FD1E4FB3120017ED95 /* Debug */,
				C09350FE1E4FB3120017ED95 /* Release */,
			);
			defaultConfigurationIsVisible = 0;
			defaultConfigurationName = Release;
		};
/* End XCConfigurationList section */

/* Begin XCVersionGroup section */
		C09350F11E4FB3120017ED95 /* DreamList.xcdatamodeld */ = {
			isa = XCVersionGroup;
			children = (
				C09350F21E4FB3120017ED95 /* DreamList.xcdatamodel */,
			);
			currentVersion = C09350F21E4FB3120017ED95 /* DreamList.xcdatamodel */;
			path = DreamList.xcdatamodeld;
			sourceTree = "<group>";
			versionGroupType = wrapper.xcdatamodel;
		};
/* End XCVersionGroup section */
	};
	rootObject = C09350DF1E4FB3110017ED95 /* Project object */;
}
