// !$*UTF8*$!
{
	archiveVersion = 1;
	classes = {
	};
	objectVersion = 46;
	objects = {

/* Begin PBXBuildFile section */
		C0A70C521E4CF2DA007231B5 /* AppDelegate.swift in Sources */ = {isa = PBXBuildFile; fileRef = C0A70C511E4CF2DA007231B5 /* AppDelegate.swift */; };
		C0A70C541E4CF2DA007231B5 /* ViewController.swift in Sources */ = {isa = PBXBuildFile; fileRef = C0A70C531E4CF2DA007231B5 /* ViewController.swift */; };
		C0A70C571E4CF2DA007231B5 /* Main.storyboard in Resources */ = {isa = PBXBuildFile; fileRef = C0A70C551E4CF2DA007231B5 /* Main.storyboard */; };
		C0A70C591E4CF2DA007231B5 /* Assets.xcassets in Resources */ = {isa = PBXBuildFile; fileRef = C0A70C581E4CF2DA007231B5 /* Assets.xcassets */; };
		C0A70C5C1E4CF2DA007231B5 /* LaunchScreen.storyboard in Resources */ = {isa = PBXBuildFile; fileRef = C0A70C5A1E4CF2DA007231B5 /* LaunchScreen.storyboard */; };
		C0A70C671E4CF371007231B5 /* ProgressBarDraw.swift in Sources */ = {isa = PBXBuildFile; fileRef = C0A70C661E4CF371007231B5 /* ProgressBarDraw.swift */; };
		C0A70C691E4CF5CC007231B5 /* ProgressBarView.swift in Sources */ = {isa = PBXBuildFile; fileRef = C0A70C681E4CF5CC007231B5 /* ProgressBarView.swift */; };
/* End PBXBuildFile section */

/* Begin PBXFileReference section */
		C0A70C4E1E4CF2DA007231B5 /* ProgressBar.app */ = {isa = PBXFileReference; explicitFileType = wrapper.application; includeInIndex = 0; path = ProgressBar.app; sourceTree = BUILT_PRODUCTS_DIR; };
		C0A70C511E4CF2DA007231B5 /* AppDelegate.swift */ = {isa = PBXFileReference; lastKnownFileType = sourcecode.swift; path = AppDelegate.swift; sourceTree = "<group>"; };
		C0A70C531E4CF2DA007231B5 /* ViewController.swift */ = {isa = PBXFileReference; lastKnownFileType = sourcecode.swift; path = ViewController.swift; sourceTree = "<group>"; };
		C0A70C561E4CF2DA007231B5 /* Base */ = {isa = PBXFileReference; lastKnownFileType = file.storyboard; name = Base; path = Base.lproj/Main.storyboard; sourceTree = "<group>"; };
		C0A70C581E4CF2DA007231B5 /* Assets.xcassets */ = {isa = PBXFileReference; lastKnownFileType = folder.assetcatalog; path = Assets.xcassets; sourceTree = "<group>"; };
		C0A70C5B1E4CF2DA007231B5 /* Base */ = {isa = PBXFileReference; lastKnownFileType = file.storyboard; name = Base; path = Base.lproj/LaunchScreen.storyboard; sourceTree = "<group>"; };
		C0A70C5D1E4CF2DA007231B5 /* Info.plist */ = {isa = PBXFileReference; lastKnownFileType = text.plist.xml; path = Info.plist; sourceTree = "<group>"; };
		C0A70C661E4CF371007231B5 /* ProgressBarDraw.swift */ = {isa = PBXFileReference; fileEncoding = 4; lastKnownFileType = sourcecode.swift; path = ProgressBarDraw.swift; sourceTree = "<group>"; };
		C0A70C681E4CF5CC007231B5 /* ProgressBarView.swift */ = {isa = PBXFileReference; fileEncoding = 4; lastKnownFileType = sourcecode.swift; path = ProgressBarView.swift; sourceTree = "<group>"; };
/* End PBXFileReference section */

/* Begin PBXFrameworksBuildPhase section */
		C0A70C4B1E4CF2DA007231B5 /* Frameworks */ = {
			isa = PBXFrameworksBuildPhase;
			buildActionMask = 2147483647;
			files = (
			);
			runOnlyForDeploymentPostprocessing = 0;
		};
/* End PBXFrameworksBuildPhase section */

/* Begin PBXGroup section */
		C0A70C451E4CF2DA007231B5 = {
			isa = PBXGroup;
			children = (
				C0A70C501E4CF2DA007231B5 /* ProgressBar */,
				C0A70C4F1E4CF2DA007231B5 /* Products */,
			);
			sourceTree = "<group>";
		};
		C0A70C4F1E4CF2DA007231B5 /* Products */ = {
			isa = PBXGroup;
			children = (
				C0A70C4E1E4CF2DA007231B5 /* ProgressBar.app */,
			);
			name = Products;
			sourceTree = "<group>";
		};
		C0A70C501E4CF2DA007231B5 /* ProgressBar */ = {
			isa = PBXGroup;
			children = (
				C0A70C651E4CF302007231B5 /* Controller */,
				C0A70C641E4CF2FD007231B5 /* View */,
				C0A70C631E4CF2F7007231B5 /* Model */,
				C0A70C511E4CF2DA007231B5 /* AppDelegate.swift */,
				C0A70C531E4CF2DA007231B5 /* ViewController.swift */,
				C0A70C551E4CF2DA007231B5 /* Main.storyboard */,
				C0A70C581E4CF2DA007231B5 /* Assets.xcassets */,
				C0A70C5A1E4CF2DA007231B5 /* LaunchScreen.storyboard */,
				C0A70C5D1E4CF2DA007231B5 /* Info.plist */,
			);
			path = ProgressBar;
			sourceTree = "<group>";
		};
		C0A70C631E4CF2F7007231B5 /* Model */ = {
			isa = PBXGroup;
			children = (
			);
			name = Model;
			sourceTree = "<group>";
		};
		C0A70C641E4CF2FD007231B5 /* View */ = {
			isa = PBXGroup;
			children = (
				C0A70C661E4CF371007231B5 /* ProgressBarDraw.swift */,
				C0A70C681E4CF5CC007231B5 /* ProgressBarView.swift */,
			);
			name = View;
			sourceTree = "<group>";
		};
		C0A70C651E4CF302007231B5 /* Controller */ = {
			isa = PBXGroup;
			children = (
			);
			name = Controller;
			sourceTree = "<group>";
		};
/* End PBXGroup section */

/* Begin PBXNativeTarget section */
		C0A70C4D1E4CF2DA007231B5 /* ProgressBar */ = {
			isa = PBXNativeTarget;
			buildConfigurationList = C0A70C601E4CF2DA007231B5 /* Build configuration list for PBXNativeTarget "ProgressBar" */;
			buildPhases = (
				C0A70C4A1E4CF2DA007231B5 /* Sources */,
				C0A70C4B1E4CF2DA007231B5 /* Frameworks */,
				C0A70C4C1E4CF2DA007231B5 /* Resources */,
			);
			buildRules = (
			);
			dependencies = (
			);
			name = ProgressBar;
			productName = ProgressBar;
			productReference = C0A70C4E1E4CF2DA007231B5 /* ProgressBar.app */;
			productType = "com.apple.product-type.application";
		};
/* End PBXNativeTarget section */

/* Begin PBXProject section */
		C0A70C461E4CF2DA007231B5 /* Project object */ = {
			isa = PBXProject;
			attributes = {
				LastSwiftUpdateCheck = 0820;
				LastUpgradeCheck = 0820;
				ORGANIZATIONNAME = "Igor Lantushenko";
				TargetAttributes = {
					C0A70C4D1E4CF2DA007231B5 = {
						CreatedOnToolsVersion = 8.2.1;
						ProvisioningStyle = Automatic;
					};
				};
			};
			buildConfigurationList = C0A70C491E4CF2DA007231B5 /* Build configuration list for PBXProject "ProgressBar" */;
			compatibilityVersion = "Xcode 3.2";
			developmentRegion = English;
			hasScannedForEncodings = 0;
			knownRegions = (
				en,
				Base,
			);
			mainGroup = C0A70C451E4CF2DA007231B5;
			productRefGroup = C0A70C4F1E4CF2DA007231B5 /* Products */;
			projectDirPath = "";
			projectRoot = "";
			targets = (
				C0A70C4D1E4CF2DA007231B5 /* ProgressBar */,
			);
		};
/* End PBXProject section */

/* Begin PBXResourcesBuildPhase section */
		C0A70C4C1E4CF2DA007231B5 /* Resources */ = {
			isa = PBXResourcesBuildPhase;
			buildActionMask = 2147483647;
			files = (
				C0A70C5C1E4CF2DA007231B5 /* LaunchScreen.storyboard in Resources */,
				C0A70C591E4CF2DA007231B5 /* Assets.xcassets in Resources */,
				C0A70C571E4CF2DA007231B5 /* Main.storyboard in Resources */,
			);
			runOnlyForDeploymentPostprocessing = 0;
		};
/* End PBXResourcesBuildPhase section */

/* Begin PBXSourcesBuildPhase section */
		C0A70C4A1E4CF2DA007231B5 /* Sources */ = {
			isa = PBXSourcesBuildPhase;
			buildActionMask = 2147483647;
			files = (
				C0A70C671E4CF371007231B5 /* ProgressBarDraw.swift in Sources */,
				C0A70C691E4CF5CC007231B5 /* ProgressBarView.swift in Sources */,
				C0A70C541E4CF2DA007231B5 /* ViewController.swift in Sources */,
				C0A70C521E4CF2DA007231B5 /* AppDelegate.swift in Sources */,
			);
			runOnlyForDeploymentPostprocessing = 0;
		};
/* End PBXSourcesBuildPhase section */

/* Begin PBXVariantGroup section */
		C0A70C551E4CF2DA007231B5 /* Main.storyboard */ = {
			isa = PBXVariantGroup;
			children = (
				C0A70C561E4CF2DA007231B5 /* Base */,
			);
			name = Main.storyboard;
			sourceTree = "<group>";
		};
		C0A70C5A1E4CF2DA007231B5 /* LaunchScreen.storyboard */ = {
			isa = PBXVariantGroup;
			children = (
				C0A70C5B1E4CF2DA007231B5 /* Base */,
			);
			name = LaunchScreen.storyboard;
			sourceTree = "<group>";
		};
/* End PBXVariantGroup section */

/* Begin XCBuildConfiguration section */
		C0A70C5E1E4CF2DA007231B5 /* Debug */ = {
			isa = XCBuildConfiguration;
			buildSettings = {
				ALWAYS_SEARCH_USER_PATHS = NO;
				CLANG_ANALYZER_NONNULL = YES;
				CLANG_CXX_LANGUAGE_STANDARD = "gnu++0x";
				CLANG_CXX_LIBRARY = "libc++";
				CLANG_ENABLE_MODULES = YES;
				CLANG_ENABLE_OBJC_ARC = YES;
				CLANG_WARN_BOOL_CONVERSION = YES;
				CLANG_WARN_CONSTANT_CONVERSION = YES;
				CLANG_WARN_DIRECT_OBJC_ISA_USAGE = YES_ERROR;
				CLANG_WARN_DOCUMENTATION_COMMENTS = YES;
				CLANG_WARN_EMPTY_BODY = YES;
				CLANG_WARN_ENUM_CONVERSION = YES;
				CLANG_WARN_INFINITE_RECURSION = YES;
				CLANG_WARN_INT_CONVERSION = YES;
				CLANG_WARN_OBJC_ROOT_CLASS = YES_ERROR;
				CLANG_WARN_SUSPICIOUS_MOVE = YES;
				CLANG_WARN_UNREACHABLE_CODE = YES;
				CLANG_WARN__DUPLICATE_METHOD_MATCH = YES;
				"CODE_SIGN_IDENTITY[sdk=iphoneos*]" = "iPhone Developer";
				COPY_PHASE_STRIP = NO;
				DEBUG_INFORMATION_FORMAT = dwarf;
				ENABLE_STRICT_OBJC_MSGSEND = YES;
				ENABLE_TESTABILITY = YES;
				GCC_C_LANGUAGE_STANDARD = gnu99;
				GCC_DYNAMIC_NO_PIC = NO;
				GCC_NO_COMMON_BLOCKS = YES;
				GCC_OPTIMIZATION_LEVEL = 0;
				GCC_PREPROCESSOR_DEFINITIONS = (
					"DEBUG=1",
					"$(inherited)",
				);
				GCC_WARN_64_TO_32_BIT_CONVERSION = YES;
				GCC_WARN_ABOUT_RETURN_TYPE = YES_ERROR;
				GCC_WARN_UNDECLARED_SELECTOR = YES;
				GCC_WARN_UNINITIALIZED_AUTOS = YES_AGGRESSIVE;
				GCC_WARN_UNUSED_FUNCTION = YES;
				GCC_WARN_UNUSED_VARIABLE = YES;
				IPHONEOS_DEPLOYMENT_TARGET = 10.2;
				MTL_ENABLE_DEBUG_INFO = YES;
				ONLY_ACTIVE_ARCH = YES;
				SDKROOT = iphoneos;
				SWIFT_ACTIVE_COMPILATION_CONDITIONS = DEBUG;
				SWIFT_OPTIMIZATION_LEVEL = "-Onone";
			};
			name = Debug;
		};
		C0A70C5F1E4CF2DA007231B5 /* Release */ = {
			isa = XCBuildConfiguration;
			buildSettings = {
				ALWAYS_SEARCH_USER_PATHS = NO;
				CLANG_ANALYZER_NONNULL = YES;
				CLANG_CXX_LANGUAGE_STANDARD = "gnu++0x";
				CLANG_CXX_LIBRARY = "libc++";
				CLANG_ENABLE_MODULES = YES;
				CLANG_ENABLE_OBJC_ARC = YES;
				CLANG_WARN_BOOL_CONVERSION = YES;
				CLANG_WARN_CONSTANT_CONVERSION = YES;
				CLANG_WARN_DIRECT_OBJC_ISA_USAGE = YES_ERROR;
				CLANG_WARN_DOCUMENTATION_COMMENTS = YES;
				CLANG_WARN_EMPTY_BODY = YES;
				CLANG_WARN_ENUM_CONVERSION = YES;
				CLANG_WARN_INFINITE_RECURSION = YES;
				CLANG_WARN_INT_CONVERSION = YES;
				CLANG_WARN_OBJC_ROOT_CLASS = YES_ERROR;
				CLANG_WARN_SUSPICIOUS_MOVE = YES;
				CLANG_WARN_UNREACHABLE_CODE = YES;
				CLANG_WARN__DUPLICATE_METHOD_MATCH = YES;
				"CODE_SIGN_IDENTITY[sdk=iphoneos*]" = "iPhone Developer";
				COPY_PHASE_STRIP = NO;
				DEBUG_INFORMATION_FORMAT = "dwarf-with-dsym";
				ENABLE_NS_ASSERTIONS = NO;
				ENABLE_STRICT_OBJC_MSGSEND = YES;
				GCC_C_LANGUAGE_STANDARD = gnu99;
				GCC_NO_COMMON_BLOCKS = YES;
				GCC_WARN_64_TO_32_BIT_CONVERSION = YES;
				GCC_WARN_ABOUT_RETURN_TYPE = YES_ERROR;
				GCC_WARN_UNDECLARED_SELECTOR = YES;
				GCC_WARN_UNINITIALIZED_AUTOS = YES_AGGRESSIVE;
				GCC_WARN_UNUSED_FUNCTION = YES;
				GCC_WARN_UNUSED_VARIABLE = YES;
				IPHONEOS_DEPLOYMENT_TARGET = 10.2;
				MTL_ENABLE_DEBUG_INFO = NO;
				SDKROOT = iphoneos;
				SWIFT_OPTIMIZATION_LEVEL = "-Owholemodule";
				VALIDATE_PRODUCT = YES;
			};
			name = Release;
		};
		C0A70C611E4CF2DA007231B5 /* Debug */ = {
			isa = XCBuildConfiguration;
			buildSettings = {
				ASSETCATALOG_COMPILER_APPICON_NAME = AppIcon;
				INFOPLIST_FILE = ProgressBar/Info.plist;
				LD_RUNPATH_SEARCH_PATHS = "$(inherited) @executable_path/Frameworks";
				PRODUCT_BUNDLE_IDENTIFIER = com.appcoda.ProgressBar;
				PRODUCT_NAME = "$(TARGET_NAME)";
				SWIFT_VERSION = 3.0;
			};
			name = Debug;
		};
		C0A70C621E4CF2DA007231B5 /* Release */ = {
			isa = XCBuildConfiguration;
			buildSettings = {
				ASSETCATALOG_COMPILER_APPICON_NAME = AppIcon;
				INFOPLIST_FILE = ProgressBar/Info.plist;
				LD_RUNPATH_SEARCH_PATHS = "$(inherited) @executable_path/Frameworks";
				PRODUCT_BUNDLE_IDENTIFIER = com.appcoda.ProgressBar;
				PRODUCT_NAME = "$(TARGET_NAME)";
				SWIFT_VERSION = 3.0;
			};
			name = Release;
		};
/* End XCBuildConfiguration section */

/* Begin XCConfigurationList section */
		C0A70C491E4CF2DA007231B5 /* Build configuration list for PBXProject "ProgressBar" */ = {
			isa = XCConfigurationList;
			buildConfigurations = (
				C0A70C5E1E4CF2DA007231B5 /* Debug */,
				C0A70C5F1E4CF2DA007231B5 /* Release */,
			);
			defaultConfigurationIsVisible = 0;
			defaultConfigurationName = Release;
		};
		C0A70C601E4CF2DA007231B5 /* Build configuration list for PBXNativeTarget "ProgressBar" */ = {
			isa = XCConfigurationList;
			buildConfigurations = (
				C0A70C611E4CF2DA007231B5 /* Debug */,
				C0A70C621E4CF2DA007231B5 /* Release */,
			);
			defaultConfigurationIsVisible = 0;
		};
/* End XCConfigurationList section */
	};
	rootObject = C0A70C461E4CF2DA007231B5 /* Project object */;
}
