// !$*UTF8*$!
{
	archiveVersion = 1;
	classes = {
	};
	objectVersion = 46;
	objects = {

/* Begin PBXBuildFile section */
		C059686F1E918F0E0045BD0A /* AppDelegate.swift in Sources */ = {isa = PBXBuildFile; fileRef = C059686E1E918F0E0045BD0A /* AppDelegate.swift */; };
		C05968711E918F0E0045BD0A /* ViewController.swift in Sources */ = {isa = PBXBuildFile; fileRef = C05968701E918F0E0045BD0A /* ViewController.swift */; };
		C05968741E918F0E0045BD0A /* Main.storyboard in Resources */ = {isa = PBXBuildFile; fileRef = C05968721E918F0E0045BD0A /* Main.storyboard */; };
		C05968761E918F0E0045BD0A /* Assets.xcassets in Resources */ = {isa = PBXBuildFile; fileRef = C05968751E918F0E0045BD0A /* Assets.xcassets */; };
		C05968791E918F0E0045BD0A /* LaunchScreen.storyboard in Resources */ = {isa = PBXBuildFile; fileRef = C05968771E918F0E0045BD0A /* LaunchScreen.storyboard */; };
		C05968821E918F260045BD0A /* MapKit.framework in Frameworks */ = {isa = PBXBuildFile; fileRef = C05968811E918F260045BD0A /* MapKit.framework */; };
/* End PBXBuildFile section */

/* Begin PBXFileReference section */
		C059686B1E918F0E0045BD0A /* DrawRouteMapKitTutoria.app */ = {isa = PBXFileReference; explicitFileType = wrapper.application; includeInIndex = 0; path = DrawRouteMapKitTutoria.app; sourceTree = BUILT_PRODUCTS_DIR; };
		C059686E1E918F0E0045BD0A /* AppDelegate.swift */ = {isa = PBXFileReference; lastKnownFileType = sourcecode.swift; path = AppDelegate.swift; sourceTree = "<group>"; };
		C05968701E918F0E0045BD0A /* ViewController.swift */ = {isa = PBXFileReference; lastKnownFileType = sourcecode.swift; path = ViewController.swift; sourceTree = "<group>"; };
		C05968731E918F0E0045BD0A /* Base */ = {isa = PBXFileReference; lastKnownFileType = file.storyboard; name = Base; path = Base.lproj/Main.storyboard; sourceTree = "<group>"; };
		C05968751E918F0E0045BD0A /* Assets.xcassets */ = {isa = PBXFileReference; lastKnownFileType = folder.assetcatalog; path = Assets.xcassets; sourceTree = "<group>"; };
		C05968781E918F0E0045BD0A /* Base */ = {isa = PBXFileReference; lastKnownFileType = file.storyboard; name = Base; path = Base.lproj/LaunchScreen.storyboard; sourceTree = "<group>"; };
		C059687A1E918F0E0045BD0A /* Info.plist */ = {isa = PBXFileReference; lastKnownFileType = text.plist.xml; path = Info.plist; sourceTree = "<group>"; };
		C05968811E918F260045BD0A /* MapKit.framework */ = {isa = PBXFileReference; lastKnownFileType = wrapper.framework; name = MapKit.framework; path = System/Library/Frameworks/MapKit.framework; sourceTree = SDKROOT; };
/* End PBXFileReference section */

/* Begin PBXFrameworksBuildPhase section */
		C05968681E918F0E0045BD0A /* Frameworks */ = {
			isa = PBXFrameworksBuildPhase;
			buildActionMask = 2147483647;
			files = (
				C05968821E918F260045BD0A /* MapKit.framework in Frameworks */,
			);
			runOnlyForDeploymentPostprocessing = 0;
		};
/* End PBXFrameworksBuildPhase section */

/* Begin PBXGroup section */
		C05968621E918F0E0045BD0A = {
			isa = PBXGroup;
			children = (
				C059686D1E918F0E0045BD0A /* DrawRouteMapKitTutoria */,
				C059686C1E918F0E0045BD0A /* Products */,
				C05968801E918F260045BD0A /* Frameworks */,
			);
			sourceTree = "<group>";
		};
		C059686C1E918F0E0045BD0A /* Products */ = {
			isa = PBXGroup;
			children = (
				C059686B1E918F0E0045BD0A /* DrawRouteMapKitTutoria.app */,
			);
			name = Products;
			sourceTree = "<group>";
		};
		C059686D1E918F0E0045BD0A /* DrawRouteMapKitTutoria */ = {
			isa = PBXGroup;
			children = (
				C059686E1E918F0E0045BD0A /* AppDelegate.swift */,
				C05968701E918F0E0045BD0A /* ViewController.swift */,
				C05968721E918F0E0045BD0A /* Main.storyboard */,
				C05968751E918F0E0045BD0A /* Assets.xcassets */,
				C05968771E918F0E0045BD0A /* LaunchScreen.storyboard */,
				C059687A1E918F0E0045BD0A /* Info.plist */,
			);
			path = DrawRouteMapKitTutoria;
			sourceTree = "<group>";
		};
		C05968801E918F260045BD0A /* Frameworks */ = {
			isa = PBXGroup;
			children = (
				C05968811E918F260045BD0A /* MapKit.framework */,
			);
			name = Frameworks;
			sourceTree = "<group>";
		};
/* End PBXGroup section */

/* Begin PBXNativeTarget section */
		C059686A1E918F0E0045BD0A /* DrawRouteMapKitTutoria */ = {
			isa = PBXNativeTarget;
			buildConfigurationList = C059687D1E918F0E0045BD0A /* Build configuration list for PBXNativeTarget "DrawRouteMapKitTutoria" */;
			buildPhases = (
				C05968671E918F0E0045BD0A /* Sources */,
				C05968681E918F0E0045BD0A /* Frameworks */,
				C05968691E918F0E0045BD0A /* Resources */,
			);
			buildRules = (
			);
			dependencies = (
			);
			name = DrawRouteMapKitTutoria;
			productName = DrawRouteMapKitTutoria;
			productReference = C059686B1E918F0E0045BD0A /* DrawRouteMapKitTutoria.app */;
			productType = "com.apple.product-type.application";
		};
/* End PBXNativeTarget section */

/* Begin PBXProject section */
		C05968631E918F0E0045BD0A /* Project object */ = {
			isa = PBXProject;
			attributes = {
				LastSwiftUpdateCheck = 0830;
				LastUpgradeCheck = 0830;
				ORGANIZATIONNAME = "Igor Lantushenko";
				TargetAttributes = {
					C059686A1E918F0E0045BD0A = {
						CreatedOnToolsVersion = 8.3;
						ProvisioningStyle = Automatic;
						SystemCapabilities = {
							com.apple.Maps.iOS = {
								enabled = 1;
							};
						};
					};
				};
			};
			buildConfigurationList = C05968661E918F0E0045BD0A /* Build configuration list for PBXProject "DrawRouteMapKitTutoria" */;
			compatibilityVersion = "Xcode 3.2";
			developmentRegion = English;
			hasScannedForEncodings = 0;
			knownRegions = (
				en,
				Base,
			);
			mainGroup = C05968621E918F0E0045BD0A;
			productRefGroup = C059686C1E918F0E0045BD0A /* Products */;
			projectDirPath = "";
			projectRoot = "";
			targets = (
				C059686A1E918F0E0045BD0A /* DrawRouteMapKitTutoria */,
			);
		};
/* End PBXProject section */

/* Begin PBXResourcesBuildPhase section */
		C05968691E918F0E0045BD0A /* Resources */ = {
			isa = PBXResourcesBuildPhase;
			buildActionMask = 2147483647;
			files = (
				C05968791E918F0E0045BD0A /* LaunchScreen.storyboard in Resources */,
				C05968761E918F0E0045BD0A /* Assets.xcassets in Resources */,
				C05968741E918F0E0045BD0A /* Main.storyboard in Resources */,
			);
			runOnlyForDeploymentPostprocessing = 0;
		};
/* End PBXResourcesBuildPhase section */

/* Begin PBXSourcesBuildPhase section */
		C05968671E918F0E0045BD0A /* Sources */ = {
			isa = PBXSourcesBuildPhase;
			buildActionMask = 2147483647;
			files = (
				C05968711E918F0E0045BD0A /* ViewController.swift in Sources */,
				C059686F1E918F0E0045BD0A /* AppDelegate.swift in Sources */,
			);
			runOnlyForDeploymentPostprocessing = 0;
		};
/* End PBXSourcesBuildPhase section */

/* Begin PBXVariantGroup section */
		C05968721E918F0E0045BD0A /* Main.storyboard */ = {
			isa = PBXVariantGroup;
			children = (
				C05968731E918F0E0045BD0A /* Base */,
			);
			name = Main.storyboard;
			sourceTree = "<group>";
		};
		C05968771E918F0E0045BD0A /* LaunchScreen.storyboard */ = {
			isa = PBXVariantGroup;
			children = (
				C05968781E918F0E0045BD0A /* Base */,
			);
			name = LaunchScreen.storyboard;
			sourceTree = "<group>";
		};
/* End PBXVariantGroup section */

/* Begin XCBuildConfiguration section */
		C059687B1E918F0E0045BD0A /* Debug */ = {
			isa = XCBuildConfiguration;
			buildSettings = {
				ALWAYS_SEARCH_USER_PATHS = NO;
				CLANG_ANALYZER_NONNULL = YES;
				CLANG_ANALYZER_NUMBER_OBJECT_CONVERSION = YES_AGGRESSIVE;
				CLANG_CXX_LANGUAGE_STANDARD = "gnu++0x";
				CLANG_CXX_LIBRARY = "libc++";
				CLANG_ENABLE_MODULES = YES;
				CLANG_ENABLE_OBJC_ARC = YES;
				CLANG_WARN_BOOL_CONVERSION = YES;
				CLANG_WARN_CONSTANT_CONVERSION = YES;
				CLANG_WARN_DIRECT_OBJC_ISA_USAGE = YES_ERROR;
				CLANG_WARN_DOCUMENTATION_COMMENTS = YES;
				CLANG_WARN_EMPTY_BODY = YES;
				CLANG_WARN_ENUM_CONVERSION = YES;
				CLANG_WARN_INFINITE_RECURSION = YES;
				CLANG_WARN_INT_CONVERSION = YES;
				CLANG_WARN_OBJC_ROOT_CLASS = YES_ERROR;
				CLANG_WARN_SUSPICIOUS_MOVE = YES;
				CLANG_WARN_UNREACHABLE_CODE = YES;
				CLANG_WARN__DUPLICATE_METHOD_MATCH = YES;
				"CODE_SIGN_IDENTITY[sdk=iphoneos*]" = "iPhone Developer";
				COPY_PHASE_STRIP = NO;
				DEBUG_INFORMATION_FORMAT = dwarf;
				ENABLE_STRICT_OBJC_MSGSEND = YES;
				ENABLE_TESTABILITY = YES;
				GCC_C_LANGUAGE_STANDARD = gnu99;
				GCC_DYNAMIC_NO_PIC = NO;
				GCC_NO_COMMON_BLOCKS = YES;
				GCC_OPTIMIZATION_LEVEL = 0;
				GCC_PREPROCESSOR_DEFINITIONS = (
					"DEBUG=1",
					"$(inherited)",
				);
				GCC_WARN_64_TO_32_BIT_CONVERSION = YES;
				GCC_WARN_ABOUT_RETURN_TYPE = YES_ERROR;
				GCC_WARN_UNDECLARED_SELECTOR = YES;
				GCC_WARN_UNINITIALIZED_AUTOS = YES_AGGRESSIVE;
				GCC_WARN_UNUSED_FUNCTION = YES;
				GCC_WARN_UNUSED_VARIABLE = YES;
				IPHONEOS_DEPLOYMENT_TARGET = 10.3;
				MTL_ENABLE_DEBUG_INFO = YES;
				ONLY_ACTIVE_ARCH = YES;
				SDKROOT = iphoneos;
				SWIFT_ACTIVE_COMPILATION_CONDITIONS = DEBUG;
				SWIFT_OPTIMIZATION_LEVEL = "-Onone";
			};
			name = Debug;
		};
		C059687C1E918F0E0045BD0A /* Release */ = {
			isa = XCBuildConfiguration;
			buildSettings = {
				ALWAYS_SEARCH_USER_PATHS = NO;
				CLANG_ANALYZER_NONNULL = YES;
				CLANG_ANALYZER_NUMBER_OBJECT_CONVERSION = YES_AGGRESSIVE;
				CLANG_CXX_LANGUAGE_STANDARD = "gnu++0x";
				CLANG_CXX_LIBRARY = "libc++";
				CLANG_ENABLE_MODULES = YES;
				CLANG_ENABLE_OBJC_ARC = YES;
				CLANG_WARN_BOOL_CONVERSION = YES;
				CLANG_WARN_CONSTANT_CONVERSION = YES;
				CLANG_WARN_DIRECT_OBJC_ISA_USAGE = YES_ERROR;
				CLANG_WARN_DOCUMENTATION_COMMENTS = YES;
				CLANG_WARN_EMPTY_BODY = YES;
				CLANG_WARN_ENUM_CONVERSION = YES;
				CLANG_WARN_INFINITE_RECURSION = YES;
				CLANG_WARN_INT_CONVERSION = YES;
				CLANG_WARN_OBJC_ROOT_CLASS = YES_ERROR;
				CLANG_WARN_SUSPICIOUS_MOVE = YES;
				CLANG_WARN_UNREACHABLE_CODE = YES;
				CLANG_WARN__DUPLICATE_METHOD_MATCH = YES;
				"CODE_SIGN_IDENTITY[sdk=iphoneos*]" = "iPhone Developer";
				COPY_PHASE_STRIP = NO;
				DEBUG_INFORMATION_FORMAT = "dwarf-with-dsym";
				ENABLE_NS_ASSERTIONS = NO;
				ENABLE_STRICT_OBJC_MSGSEND = YES;
				GCC_C_LANGUAGE_STANDARD = gnu99;
				GCC_NO_COMMON_BLOCKS = YES;
				GCC_WARN_64_TO_32_BIT_CONVERSION = YES;
				GCC_WARN_ABOUT_RETURN_TYPE = YES_ERROR;
				GCC_WARN_UNDECLARED_SELECTOR = YES;
				GCC_WARN_UNINITIALIZED_AUTOS = YES_AGGRESSIVE;
				GCC_WARN_UNUSED_FUNCTION = YES;
				GCC_WARN_UNUSED_VARIABLE = YES;
				IPHONEOS_DEPLOYMENT_TARGET = 10.3;
				MTL_ENABLE_DEBUG_INFO = NO;
				SDKROOT = iphoneos;
				SWIFT_OPTIMIZATION_LEVEL = "-Owholemodule";
				VALIDATE_PRODUCT = YES;
			};
			name = Release;
		};
		C059687E1E918F0E0045BD0A /* Debug */ = {
			isa = XCBuildConfiguration;
			buildSettings = {
				ASSETCATALOG_COMPILER_APPICON_NAME = AppIcon;
				INFOPLIST_FILE = DrawRouteMapKitTutoria/Info.plist;
				LD_RUNPATH_SEARCH_PATHS = "$(inherited) @executable_path/Frameworks";
				PRODUCT_BUNDLE_IDENTIFIER = com.appcoda.DrawRouteMapKitTutoria;
				PRODUCT_NAME = "$(TARGET_NAME)";
				SWIFT_VERSION = 3.0;
			};
			name = Debug;
		};
		C059687F1E918F0E0045BD0A /* Release */ = {
			isa = XCBuildConfiguration;
			buildSettings = {
				ASSETCATALOG_COMPILER_APPICON_NAME = AppIcon;
				INFOPLIST_FILE = DrawRouteMapKitTutoria/Info.plist;
				LD_RUNPATH_SEARCH_PATHS = "$(inherited) @executable_path/Frameworks";
				PRODUCT_BUNDLE_IDENTIFIER = com.appcoda.DrawRouteMapKitTutoria;
				PRODUCT_NAME = "$(TARGET_NAME)";
				SWIFT_VERSION = 3.0;
			};
			name = Release;
		};
/* End XCBuildConfiguration section */

/* Begin XCConfigurationList section */
		C05968661E918F0E0045BD0A /* Build configuration list for PBXProject "DrawRouteMapKitTutoria" */ = {
			isa = XCConfigurationList;
			buildConfigurations = (
				C059687B1E918F0E0045BD0A /* Debug */,
				C059687C1E918F0E0045BD0A /* Release */,
			);
			defaultConfigurationIsVisible = 0;
			defaultConfigurationName = Release;
		};
		C059687D1E918F0E0045BD0A /* Build configuration list for PBXNativeTarget "DrawRouteMapKitTutoria" */ = {
			isa = XCConfigurationList;
			buildConfigurations = (
				C059687E1E918F0E0045BD0A /* Debug */,
				C059687F1E918F0E0045BD0A /* Release */,
			);
			defaultConfigurationIsVisible = 0;
		};
/* End XCConfigurationList section */
	};
	rootObject = C05968631E918F0E0045BD0A /* Project object */;
}
